// !$*UTF8*$!
{
	archiveVersion = 1;
	classes = {
	};
	objectVersion = 46;
	objects = {

/* Begin PBXBuildFile section */
		0340066216A098B0006F97F4 /* libITKBiasCorrection-4.2.a in Frameworks */ = {isa = PBXBuildFile; fileRef = 03EA9EE7162486AA003F510A /* libITKBiasCorrection-4.2.a */; };
		0340066316A098B0006F97F4 /* libITKBioCell-4.2.a in Frameworks */ = {isa = PBXBuildFile; fileRef = 03EA9EE8162486AA003F510A /* libITKBioCell-4.2.a */; };
		0340066416A098B0006F97F4 /* libITKCommon-4.2.a in Frameworks */ = {isa = PBXBuildFile; fileRef = 03EA9EE9162486AA003F510A /* libITKCommon-4.2.a */; };
		0340066516A098B0006F97F4 /* libITKDeprecated-4.2.a in Frameworks */ = {isa = PBXBuildFile; fileRef = 03EA9EEA162486AA003F510A /* libITKDeprecated-4.2.a */; };
		0340066616A098B0006F97F4 /* libITKDICOMParser-4.2.a in Frameworks */ = {isa = PBXBuildFile; fileRef = 03EA9EEB162486AA003F510A /* libITKDICOMParser-4.2.a */; };
		0340066716A098B0006F97F4 /* libITKEXPAT-4.2.a in Frameworks */ = {isa = PBXBuildFile; fileRef = 03EA9EEC162486AA003F510A /* libITKEXPAT-4.2.a */; };
		0340066816A098B0006F97F4 /* libITKFEM-4.2.a in Frameworks */ = {isa = PBXBuildFile; fileRef = 03EA9EED162486AA003F510A /* libITKFEM-4.2.a */; };
		0340066916A098B0006F97F4 /* libitkgdcmCommon-4.2.a in Frameworks */ = {isa = PBXBuildFile; fileRef = 03EA9EEE162486AA003F510A /* libitkgdcmCommon-4.2.a */; };
		0340066A16A098B0006F97F4 /* libitkgdcmDICT-4.2.a in Frameworks */ = {isa = PBXBuildFile; fileRef = 03EA9EEF162486AA003F510A /* libitkgdcmDICT-4.2.a */; };
		0340066B16A098B0006F97F4 /* libitkgdcmDSED-4.2.a in Frameworks */ = {isa = PBXBuildFile; fileRef = 03EA9EF0162486AA003F510A /* libitkgdcmDSED-4.2.a */; };
		0340066C16A098B0006F97F4 /* libitkgdcmIOD-4.2.a in Frameworks */ = {isa = PBXBuildFile; fileRef = 03EA9EF1162486AA003F510A /* libitkgdcmIOD-4.2.a */; };
		0340066D16A098B0006F97F4 /* libitkgdcmjpeg8-4.2.a in Frameworks */ = {isa = PBXBuildFile; fileRef = 03EA9EF4162486AA003F510A /* libitkgdcmjpeg8-4.2.a */; };
		0340066E16A098B0006F97F4 /* libitkgdcmjpeg12-4.2.a in Frameworks */ = {isa = PBXBuildFile; fileRef = 03EA9EF2162486AA003F510A /* libitkgdcmjpeg12-4.2.a */; };
		0340066F16A098B0006F97F4 /* libitkgdcmjpeg16-4.2.a in Frameworks */ = {isa = PBXBuildFile; fileRef = 03EA9EF3162486AA003F510A /* libitkgdcmjpeg16-4.2.a */; };
		0340067016A098B0006F97F4 /* libitkgdcmMSFF-4.2.a in Frameworks */ = {isa = PBXBuildFile; fileRef = 03EA9EF5162486AA003F510A /* libitkgdcmMSFF-4.2.a */; };
		0340067116A098B0006F97F4 /* libitkgdcmuuid-4.2.a in Frameworks */ = {isa = PBXBuildFile; fileRef = 03EA9EF6162486AA003F510A /* libitkgdcmuuid-4.2.a */; };
		0340067216A098B0006F97F4 /* libITKgiftiio-4.2.a in Frameworks */ = {isa = PBXBuildFile; fileRef = 03EA9EF7162486AA003F510A /* libITKgiftiio-4.2.a */; };
		0340067316A098B0006F97F4 /* libitkhdf5_cpp-4.2.a in Frameworks */ = {isa = PBXBuildFile; fileRef = 03EA9EF9162486AA003F510A /* libitkhdf5_cpp-4.2.a */; };
		0340067416A098B0006F97F4 /* libitkhdf5-4.2.a in Frameworks */ = {isa = PBXBuildFile; fileRef = 03EA9EF8162486AA003F510A /* libitkhdf5-4.2.a */; };
		0340067516A098B0006F97F4 /* libITKIOBioRad-4.2.a in Frameworks */ = {isa = PBXBuildFile; fileRef = 03EA9EFA162486AA003F510A /* libITKIOBioRad-4.2.a */; };
		0340067616A098B0006F97F4 /* libITKIOBMP-4.2.a in Frameworks */ = {isa = PBXBuildFile; fileRef = 03EA9EFB162486AA003F510A /* libITKIOBMP-4.2.a */; };
		0340067716A098B0006F97F4 /* libITKIOCSV-4.2.a in Frameworks */ = {isa = PBXBuildFile; fileRef = 03EA9EFC162486AA003F510A /* libITKIOCSV-4.2.a */; };
		0340067816A098B0006F97F4 /* libITKIOGDCM-4.2.a in Frameworks */ = {isa = PBXBuildFile; fileRef = 03EA9EFD162486AA003F510A /* libITKIOGDCM-4.2.a */; };
		0340067916A098B0006F97F4 /* libITKIOGE-4.2.a in Frameworks */ = {isa = PBXBuildFile; fileRef = 03EA9EFE162486AA003F510A /* libITKIOGE-4.2.a */; };
		0340067A16A098B0006F97F4 /* libITKIOGIPL-4.2.a in Frameworks */ = {isa = PBXBuildFile; fileRef = 03EA9EFF162486AA003F510A /* libITKIOGIPL-4.2.a */; };
		0340067B16A098B0006F97F4 /* libITKIOHDF5-4.2.a in Frameworks */ = {isa = PBXBuildFile; fileRef = 03EA9F00162486AA003F510A /* libITKIOHDF5-4.2.a */; };
		0340067C16A098B0006F97F4 /* libITKIOImageBase-4.2.a in Frameworks */ = {isa = PBXBuildFile; fileRef = 03EA9F01162486AA003F510A /* libITKIOImageBase-4.2.a */; };
		0340067D16A098B0006F97F4 /* libITKIOIPL-4.2.a in Frameworks */ = {isa = PBXBuildFile; fileRef = 03EA9F02162486AA003F510A /* libITKIOIPL-4.2.a */; };
		0340067E16A098B0006F97F4 /* libITKIOJPEG-4.2.a in Frameworks */ = {isa = PBXBuildFile; fileRef = 03EA9F03162486AA003F510A /* libITKIOJPEG-4.2.a */; };
		0340067F16A098B0006F97F4 /* libITKIOLSM-4.2.a in Frameworks */ = {isa = PBXBuildFile; fileRef = 03EA9F04162486AA003F510A /* libITKIOLSM-4.2.a */; };
		0340068016A098B0006F97F4 /* libITKIOMesh-4.2.a in Frameworks */ = {isa = PBXBuildFile; fileRef = 03EA9F05162486AA003F510A /* libITKIOMesh-4.2.a */; };
		0340068116A098B0006F97F4 /* libITKIOMeta-4.2.a in Frameworks */ = {isa = PBXBuildFile; fileRef = 03EA9F06162486AA003F510A /* libITKIOMeta-4.2.a */; };
		0340068216A098B0006F97F4 /* libITKIONIFTI-4.2.a in Frameworks */ = {isa = PBXBuildFile; fileRef = 03EA9F07162486AA003F510A /* libITKIONIFTI-4.2.a */; };
		0340068316A098B0006F97F4 /* libITKIONRRD-4.2.a in Frameworks */ = {isa = PBXBuildFile; fileRef = 03EA9F08162486AA003F510A /* libITKIONRRD-4.2.a */; };
		0340068416A098B0006F97F4 /* libITKIOPNG-4.2.a in Frameworks */ = {isa = PBXBuildFile; fileRef = 03EA9F09162486AA003F510A /* libITKIOPNG-4.2.a */; };
		0340068516A098B0006F97F4 /* libITKIOSiemens-4.2.a in Frameworks */ = {isa = PBXBuildFile; fileRef = 03EA9F0A162486AA003F510A /* libITKIOSiemens-4.2.a */; };
		0340068616A098B0006F97F4 /* libITKIOSpatialObjects-4.2.a in Frameworks */ = {isa = PBXBuildFile; fileRef = 03EA9F0B162486AA003F510A /* libITKIOSpatialObjects-4.2.a */; };
		0340068716A098B0006F97F4 /* libITKIOStimulate-4.2.a in Frameworks */ = {isa = PBXBuildFile; fileRef = 03EA9F0C162486AA003F510A /* libITKIOStimulate-4.2.a */; };
		0340068816A098B0006F97F4 /* libITKIOTIFF-4.2.a in Frameworks */ = {isa = PBXBuildFile; fileRef = 03EA9F0D162486AA003F510A /* libITKIOTIFF-4.2.a */; };
		0340068916A098B0006F97F4 /* libITKIOTransformBase-4.2.a in Frameworks */ = {isa = PBXBuildFile; fileRef = 03EA9F0E162486AA003F510A /* libITKIOTransformBase-4.2.a */; };
		0340068A16A098B0006F97F4 /* libITKIOTransformHDF5-4.2.a in Frameworks */ = {isa = PBXBuildFile; fileRef = 03EA9F0F162486AA003F510A /* libITKIOTransformHDF5-4.2.a */; };
		0340068B16A098B0006F97F4 /* libITKIOTransformInsightLegacy-4.2.a in Frameworks */ = {isa = PBXBuildFile; fileRef = 03EA9F10162486AA003F510A /* libITKIOTransformInsightLegacy-4.2.a */; };
		0340068C16A098B0006F97F4 /* libITKIOTransformMatlab-4.2.a in Frameworks */ = {isa = PBXBuildFile; fileRef = 03EA9F11162486AA003F510A /* libITKIOTransformMatlab-4.2.a */; };
		0340068D16A098B0006F97F4 /* libITKIOVTK-4.2.a in Frameworks */ = {isa = PBXBuildFile; fileRef = 03EA9F12162486AA003F510A /* libITKIOVTK-4.2.a */; };
		0340068E16A098B0006F97F4 /* libITKIOXML-4.2.a in Frameworks */ = {isa = PBXBuildFile; fileRef = 03EA9F13162486AA003F510A /* libITKIOXML-4.2.a */; };
		0340068F16A098B0006F97F4 /* libitkjpeg-4.2.a in Frameworks */ = {isa = PBXBuildFile; fileRef = 03EA9F14162486AA003F510A /* libitkjpeg-4.2.a */; };
		0340069016A098B0006F97F4 /* libITKKLMRegionGrowing-4.2.a in Frameworks */ = {isa = PBXBuildFile; fileRef = 03EA9F15162486AA003F510A /* libITKKLMRegionGrowing-4.2.a */; };
		0340069116A098B0006F97F4 /* libITKLabelMap-4.2.a in Frameworks */ = {isa = PBXBuildFile; fileRef = 03EA9F16162486AA003F510A /* libITKLabelMap-4.2.a */; };
		0340069216A098B0006F97F4 /* libITKMesh-4.2.a in Frameworks */ = {isa = PBXBuildFile; fileRef = 03EA9F17162486AA003F510A /* libITKMesh-4.2.a */; };
		0340069316A098B0006F97F4 /* libITKMetaIO-4.2.a in Frameworks */ = {isa = PBXBuildFile; fileRef = 03EA9F18162486AA003F510A /* libITKMetaIO-4.2.a */; };
		0340069416A098B0006F97F4 /* libitkNetlibSlatec-4.2.a in Frameworks */ = {isa = PBXBuildFile; fileRef = 03EA9F19162486AA003F510A /* libitkNetlibSlatec-4.2.a */; };
		0340069516A098B0006F97F4 /* libITKniftiio-4.2.a in Frameworks */ = {isa = PBXBuildFile; fileRef = 03EA9F1A162486AA003F510A /* libITKniftiio-4.2.a */; };
		0340069616A098B0006F97F4 /* libITKNrrdIO-4.2.a in Frameworks */ = {isa = PBXBuildFile; fileRef = 03EA9F1B162486AA003F510A /* libITKNrrdIO-4.2.a */; };
		0340069716A098B0006F97F4 /* libitkopenjpeg-4.2.a in Frameworks */ = {isa = PBXBuildFile; fileRef = 03EA9F1C162486AA003F510A /* libitkopenjpeg-4.2.a */; };
		0340069816A098B0006F97F4 /* libitkopITKsys-4.2.a in Frameworks */ = {isa = PBXBuildFile; fileRef = 03EA9F1D162486AA003F510A /* libitkopITKsys-4.2.a */; };
		0340069916A098B0006F97F4 /* libITKOptimizers-4.2.a in Frameworks */ = {isa = PBXBuildFile; fileRef = 03EA9F1E162486AA003F510A /* libITKOptimizers-4.2.a */; };
		0340069A16A098B0006F97F4 /* libITKOptimizersv4-4.2.a in Frameworks */ = {isa = PBXBuildFile; fileRef = 03EA9F1F162486AA003F510A /* libITKOptimizersv4-4.2.a */; };
		0340069B16A098B0006F97F4 /* libITKPath-4.2.a in Frameworks */ = {isa = PBXBuildFile; fileRef = 03EA9F20162486AA003F510A /* libITKPath-4.2.a */; };
		0340069C16A098B0006F97F4 /* libitkpng-4.2.a in Frameworks */ = {isa = PBXBuildFile; fileRef = 03EA9F21162486AA003F510A /* libitkpng-4.2.a */; };
		0340069D16A098B0006F97F4 /* libITKPolynomials-4.2.a in Frameworks */ = {isa = PBXBuildFile; fileRef = 03EA9F22162486AA003F510A /* libITKPolynomials-4.2.a */; };
		0340069E16A098B0006F97F4 /* libITKQuadEdgeMesh-4.2.a in Frameworks */ = {isa = PBXBuildFile; fileRef = 03EA9F23162486AA003F510A /* libITKQuadEdgeMesh-4.2.a */; };
		0340069F16A098B0006F97F4 /* libITKReview-4.2.a in Frameworks */ = {isa = PBXBuildFile; fileRef = 03EA9F24162486AA003F510A /* libITKReview-4.2.a */; };
		034006A016A098B0006F97F4 /* libITKSpatialObjects-4.2.a in Frameworks */ = {isa = PBXBuildFile; fileRef = 03EA9F25162486AA003F510A /* libITKSpatialObjects-4.2.a */; };
		034006A116A098B0006F97F4 /* libITKStatistics-4.2.a in Frameworks */ = {isa = PBXBuildFile; fileRef = 03EA9F26162486AA003F510A /* libITKStatistics-4.2.a */; };
		034006A216A098B0006F97F4 /* libitktestlib-4.2.a in Frameworks */ = {isa = PBXBuildFile; fileRef = 03EA9F27162486AA003F510A /* libitktestlib-4.2.a */; };
		034006A316A098B0006F97F4 /* libitktiff-4.2.a in Frameworks */ = {isa = PBXBuildFile; fileRef = 03EA9F28162486AA003F510A /* libitktiff-4.2.a */; };
		034006A416A098B0006F97F4 /* libitkv3p_lsqr-4.2.a in Frameworks */ = {isa = PBXBuildFile; fileRef = 03EA9F29162486AA003F510A /* libitkv3p_lsqr-4.2.a */; };
		034006A516A098B0006F97F4 /* libitkv3p_netlib-4.2.a in Frameworks */ = {isa = PBXBuildFile; fileRef = 03EA9F2A162486AA003F510A /* libitkv3p_netlib-4.2.a */; };
		034006A616A098B0006F97F4 /* libitkvcl-4.2.a in Frameworks */ = {isa = PBXBuildFile; fileRef = 03EA9F2B162486AA003F510A /* libitkvcl-4.2.a */; };
		034006A716A098B0006F97F4 /* libITKVideoCore-4.2.a in Frameworks */ = {isa = PBXBuildFile; fileRef = 03EA9F2C162486AA003F510A /* libITKVideoCore-4.2.a */; };
		034006A816A098B0006F97F4 /* libITKVideoIO-4.2.a in Frameworks */ = {isa = PBXBuildFile; fileRef = 03EA9F2D162486AA003F510A /* libITKVideoIO-4.2.a */; };
		034006A916A098B0006F97F4 /* libitkvnl_algo-4.2.a in Frameworks */ = {isa = PBXBuildFile; fileRef = 03EA9F2F162486AA003F510A /* libitkvnl_algo-4.2.a */; };
		034006AA16A098B0006F97F4 /* libitkvnl-4.2.a in Frameworks */ = {isa = PBXBuildFile; fileRef = 03EA9F2E162486AA003F510A /* libitkvnl-4.2.a */; };
		034006AB16A098B0006F97F4 /* libITKVNLInstantiation-4.2.a in Frameworks */ = {isa = PBXBuildFile; fileRef = 03EA9F30162486AA003F510A /* libITKVNLInstantiation-4.2.a */; };
		034006AC16A098B0006F97F4 /* libITKVTK-4.2.a in Frameworks */ = {isa = PBXBuildFile; fileRef = 03EA9F31162486AA003F510A /* libITKVTK-4.2.a */; };
		034006AD16A098B0006F97F4 /* libITKWatersheds-4.2.a in Frameworks */ = {isa = PBXBuildFile; fileRef = 03EA9F32162486AA003F510A /* libITKWatersheds-4.2.a */; };
		034006AE16A098B0006F97F4 /* libitkzlib-4.2.a in Frameworks */ = {isa = PBXBuildFile; fileRef = 03EA9F33162486AA003F510A /* libitkzlib-4.2.a */; };
		034006AF16A098B0006F97F4 /* libITKznz-4.2.a in Frameworks */ = {isa = PBXBuildFile; fileRef = 03EA9F34162486AA003F510A /* libITKznz-4.2.a */; };
		034006B616A17973006F97F4 /* dianeXuITK3dRegionGrowing.h in Headers */ = {isa = PBXBuildFile; fileRef = 034006B416A17973006F97F4 /* dianeXuITK3dRegionGrowing.h */; };
		034006B716A17973006F97F4 /* dianeXuITK3dRegionGrowing.mm in Sources */ = {isa = PBXBuildFile; fileRef = 034006B516A17973006F97F4 /* dianeXuITK3dRegionGrowing.mm */; };
		034813151664E6F700ABC18A /* dianeXuDataSet.h in Headers */ = {isa = PBXBuildFile; fileRef = 034813131664E6F700ABC18A /* dianeXuDataSet.h */; };
		034813161664E6F700ABC18A /* dianeXuDataSet.m in Sources */ = {isa = PBXBuildFile; fileRef = 034813141664E6F700ABC18A /* dianeXuDataSet.m */; };
		034813191664EC6C00ABC18A /* dianeXuNavxImport.h in Headers */ = {isa = PBXBuildFile; fileRef = 034813171664EC6C00ABC18A /* dianeXuNavxImport.h */; };
		0348131A1664EC6C00ABC18A /* dianeXuNavxImport.m in Sources */ = {isa = PBXBuildFile; fileRef = 034813181664EC6C00ABC18A /* dianeXuNavxImport.m */; };
		03729C62165B4FDA00096AAA /* dianeXuStatusWindowController.h in Headers */ = {isa = PBXBuildFile; fileRef = 03729C5F165B4FDA00096AAA /* dianeXuStatusWindowController.h */; };
		03729C63165B4FDA00096AAA /* dianeXuStatusWindowController.m in Sources */ = {isa = PBXBuildFile; fileRef = 03729C60165B4FDA00096AAA /* dianeXuStatusWindowController.m */; };
		03729C64165B4FDA00096AAA /* dianeXuStatusWindow.xib in Resources */ = {isa = PBXBuildFile; fileRef = 03729C61165B4FDA00096AAA /* dianeXuStatusWindow.xib */; };
		037430C11668B0E0006029AF /* dianeXuCoord.h in Headers */ = {isa = PBXBuildFile; fileRef = 037430BF1668B0E0006029AF /* dianeXuCoord.h */; };
		037430C21668B0E0006029AF /* dianeXuCoord.m in Sources */ = {isa = PBXBuildFile; fileRef = 037430C01668B0E0006029AF /* dianeXuCoord.m */; };
		037430C8167790E7006029AF /* Icon-Small.png in Resources */ = {isa = PBXBuildFile; fileRef = 037430C7167790E7006029AF /* Icon-Small.png */; };
		037430D31677B23F006029AF /* Icon.png in Resources */ = {isa = PBXBuildFile; fileRef = 037430D21677B23F006029AF /* Icon.png */; };
		03E1FA1815FF5A0000C59023 /* PreferencePanes.framework in Frameworks */ = {isa = PBXBuildFile; fileRef = 03E1FA1715FF5A0000C59023 /* PreferencePanes.framework */; };
		03E1FA2F15FF5D6200C59023 /* dianeXuPreferencesController.m in Sources */ = {isa = PBXBuildFile; fileRef = 03E1F9F615FF55F600C59023 /* dianeXuPreferencesController.m */; };
		03E1FA3215FF658E00C59023 /* dianeXuPreferences.xib in Resources */ = {isa = PBXBuildFile; fileRef = 03E1F9F915FF56AF00C59023 /* dianeXuPreferences.xib */; };
		03E1FA3515FF674900C59023 /* dianeXuPreferences.prefPane in Resources */ = {isa = PBXBuildFile; fileRef = 03E1FA1315FF5A0000C59023 /* dianeXuPreferences.prefPane */; };
		03E540E116A04FC7002C4BDC /* dianeXuITKImageWrapper.h in Headers */ = {isa = PBXBuildFile; fileRef = 03E540DF16A04FC7002C4BDC /* dianeXuITKImageWrapper.h */; };
		03E540E216A04FC7002C4BDC /* dianeXuITKImageWrapper.mm in Sources */ = {isa = PBXBuildFile; fileRef = 03E540E016A04FC7002C4BDC /* dianeXuITKImageWrapper.mm */; };
		03ED00F816A5360100FAE2F3 /* dianeXuITKPointSetRegistration.h in Headers */ = {isa = PBXBuildFile; fileRef = 03ED00F616A5360100FAE2F3 /* dianeXuITKPointSetRegistration.h */; };
		03ED00F916A5360100FAE2F3 /* dianeXuITKPointSetRegistration.mm in Sources */ = {isa = PBXBuildFile; fileRef = 03ED00F716A5360100FAE2F3 /* dianeXuITKPointSetRegistration.mm */; };
		03FED015165A676F0070F92A /* dianeXuWindowController.h in Headers */ = {isa = PBXBuildFile; fileRef = 03FED012165A676F0070F92A /* dianeXuWindowController.h */; };
		03FED016165A676F0070F92A /* dianeXuWindowController.mm in Sources */ = {isa = PBXBuildFile; fileRef = 03FED013165A676F0070F92A /* dianeXuWindowController.mm */; };
		03FED017165A676F0070F92A /* dianeXuWindow.xib in Resources */ = {isa = PBXBuildFile; fileRef = 03FED014165A676F0070F92A /* dianeXuWindow.xib */; };
		8420023212E829A200E1E9CE /* OsiriXAPI.framework in Frameworks */ = {isa = PBXBuildFile; fileRef = 8420023112E829A200E1E9CE /* OsiriXAPI.framework */; settings = {ATTRIBUTES = (Weak, ); }; };
		8D5B49AE048680CD000E48DA /* dianeXu_Prefix.pch in Headers */ = {isa = PBXBuildFile; fileRef = 32DBCF630370AF2F00C91783 /* dianeXu_Prefix.pch */; };
		8D5B49B0048680CD000E48DA /* InfoPlist.strings in Resources */ = {isa = PBXBuildFile; fileRef = 089C167DFE841241C02AAC07 /* InfoPlist.strings */; };
		8D5B49B4048680CD000E48DA /* Cocoa.framework in Frameworks */ = {isa = PBXBuildFile; fileRef = 1058C7ADFEA557BF11CA2CBB /* Cocoa.framework */; };
		ABA48A650680BB600089EB4F /* dianeXuFilter.h in Headers */ = {isa = PBXBuildFile; fileRef = ABA48A640680BB600089EB4F /* dianeXuFilter.h */; };
		ABA48A670680BB690089EB4F /* dianeXuFilter.mm in Sources */ = {isa = PBXBuildFile; fileRef = ABA48A660680BB690089EB4F /* dianeXuFilter.mm */; };
/* End PBXBuildFile section */

/* Begin PBXContainerItemProxy section */
		03E1FA3315FF671D00C59023 /* PBXContainerItemProxy */ = {
			isa = PBXContainerItemProxy;
			containerPortal = 089C1669FE841209C02AAC07 /* Project object */;
			proxyType = 1;
			remoteGlobalIDString = 03E1FA1215FF5A0000C59023;
			remoteInfo = dianeXuPreferences;
		};
/* End PBXContainerItemProxy section */

/* Begin PBXFileReference section */
		034006B416A17973006F97F4 /* dianeXuITK3dRegionGrowing.h */ = {isa = PBXFileReference; fileEncoding = 4; lastKnownFileType = sourcecode.c.h; lineEnding = 0; path = dianeXuITK3dRegionGrowing.h; sourceTree = "<group>"; xcLanguageSpecificationIdentifier = xcode.lang.objcpp; };
		034006B516A17973006F97F4 /* dianeXuITK3dRegionGrowing.mm */ = {isa = PBXFileReference; explicitFileType = sourcecode.cpp.objcpp; fileEncoding = 4; lineEnding = 0; path = dianeXuITK3dRegionGrowing.mm; sourceTree = "<group>"; xcLanguageSpecificationIdentifier = xcode.lang.objcpp; };
		0348130E165F542000ABC18A /* dianeXuPreferencesKeys.h */ = {isa = PBXFileReference; lastKnownFileType = sourcecode.c.h; lineEnding = 0; path = dianeXuPreferencesKeys.h; sourceTree = "<group>"; xcLanguageSpecificationIdentifier = xcode.lang.objcpp; };
		034813131664E6F700ABC18A /* dianeXuDataSet.h */ = {isa = PBXFileReference; fileEncoding = 4; lastKnownFileType = sourcecode.c.h; lineEnding = 0; path = dianeXuDataSet.h; sourceTree = "<group>"; xcLanguageSpecificationIdentifier = xcode.lang.objcpp; };
		034813141664E6F700ABC18A /* dianeXuDataSet.m */ = {isa = PBXFileReference; fileEncoding = 4; lastKnownFileType = sourcecode.c.objc; lineEnding = 0; path = dianeXuDataSet.m; sourceTree = "<group>"; xcLanguageSpecificationIdentifier = xcode.lang.objc; };
		034813171664EC6C00ABC18A /* dianeXuNavxImport.h */ = {isa = PBXFileReference; fileEncoding = 4; lastKnownFileType = sourcecode.c.h; lineEnding = 0; path = dianeXuNavxImport.h; sourceTree = "<group>"; xcLanguageSpecificationIdentifier = xcode.lang.objcpp; };
		034813181664EC6C00ABC18A /* dianeXuNavxImport.m */ = {isa = PBXFileReference; fileEncoding = 4; lastKnownFileType = sourcecode.c.objc; lineEnding = 0; path = dianeXuNavxImport.m; sourceTree = "<group>"; xcLanguageSpecificationIdentifier = xcode.lang.objc; };
		03729C5F165B4FDA00096AAA /* dianeXuStatusWindowController.h */ = {isa = PBXFileReference; fileEncoding = 4; lastKnownFileType = sourcecode.c.h; lineEnding = 0; path = dianeXuStatusWindowController.h; sourceTree = "<group>"; xcLanguageSpecificationIdentifier = xcode.lang.objcpp; };
		03729C60165B4FDA00096AAA /* dianeXuStatusWindowController.m */ = {isa = PBXFileReference; fileEncoding = 4; lastKnownFileType = sourcecode.c.objc; lineEnding = 0; path = dianeXuStatusWindowController.m; sourceTree = "<group>"; xcLanguageSpecificationIdentifier = xcode.lang.objc; };
		03729C61165B4FDA00096AAA /* dianeXuStatusWindow.xib */ = {isa = PBXFileReference; fileEncoding = 4; lastKnownFileType = file.xib; path = dianeXuStatusWindow.xib; sourceTree = "<group>"; };
		037430BF1668B0E0006029AF /* dianeXuCoord.h */ = {isa = PBXFileReference; fileEncoding = 4; lastKnownFileType = sourcecode.c.h; lineEnding = 0; path = dianeXuCoord.h; sourceTree = "<group>"; xcLanguageSpecificationIdentifier = xcode.lang.objcpp; };
		037430C01668B0E0006029AF /* dianeXuCoord.m */ = {isa = PBXFileReference; fileEncoding = 4; lastKnownFileType = sourcecode.c.objc; lineEnding = 0; path = dianeXuCoord.m; sourceTree = "<group>"; xcLanguageSpecificationIdentifier = xcode.lang.objc; };
		037430C7167790E7006029AF /* Icon-Small.png */ = {isa = PBXFileReference; lastKnownFileType = image.png; path = "Icon-Small.png"; sourceTree = "<group>"; };
		037430D21677B23F006029AF /* Icon.png */ = {isa = PBXFileReference; lastKnownFileType = image.png; path = Icon.png; sourceTree = "<group>"; };
		03E1F9F515FF55F600C59023 /* dianeXuPreferencesController.h */ = {isa = PBXFileReference; fileEncoding = 4; lastKnownFileType = sourcecode.c.h; lineEnding = 0; path = dianeXuPreferencesController.h; sourceTree = "<group>"; xcLanguageSpecificationIdentifier = xcode.lang.objcpp; };
		03E1F9F615FF55F600C59023 /* dianeXuPreferencesController.m */ = {isa = PBXFileReference; fileEncoding = 4; lastKnownFileType = sourcecode.c.objc; lineEnding = 0; path = dianeXuPreferencesController.m; sourceTree = "<group>"; xcLanguageSpecificationIdentifier = xcode.lang.objc; };
		03E1F9F915FF56AF00C59023 /* dianeXuPreferences.xib */ = {isa = PBXFileReference; fileEncoding = 4; lastKnownFileType = file.xib; path = dianeXuPreferences.xib; sourceTree = "<group>"; };
		03E1FA1315FF5A0000C59023 /* dianeXuPreferences.prefPane */ = {isa = PBXFileReference; explicitFileType = wrapper.cfbundle; includeInIndex = 0; path = dianeXuPreferences.prefPane; sourceTree = BUILT_PRODUCTS_DIR; };
		03E1FA1715FF5A0000C59023 /* PreferencePanes.framework */ = {isa = PBXFileReference; lastKnownFileType = wrapper.framework; name = PreferencePanes.framework; path = /System/Library/Frameworks/PreferencePanes.framework; sourceTree = "<absolute>"; };
		03E1FA3015FF611E00C59023 /* dianeXuPreferences-Info.plist */ = {isa = PBXFileReference; fileEncoding = 4; lastKnownFileType = text.plist.xml; path = "dianeXuPreferences-Info.plist"; sourceTree = "<group>"; };
		03E540DF16A04FC7002C4BDC /* dianeXuITKImageWrapper.h */ = {isa = PBXFileReference; fileEncoding = 4; lastKnownFileType = sourcecode.c.h; lineEnding = 0; path = dianeXuITKImageWrapper.h; sourceTree = "<group>"; xcLanguageSpecificationIdentifier = xcode.lang.objcpp; };
		03E540E016A04FC7002C4BDC /* dianeXuITKImageWrapper.mm */ = {isa = PBXFileReference; fileEncoding = 4; lastKnownFileType = sourcecode.cpp.objcpp; lineEnding = 0; path = dianeXuITKImageWrapper.mm; sourceTree = "<group>"; xcLanguageSpecificationIdentifier = xcode.lang.objcpp; };
		03EA9EE7162486AA003F510A /* libITKBiasCorrection-4.2.a */ = {isa = PBXFileReference; lastKnownFileType = archive.ar; path = "libITKBiasCorrection-4.2.a"; sourceTree = "<group>"; };
		03EA9EE8162486AA003F510A /* libITKBioCell-4.2.a */ = {isa = PBXFileReference; lastKnownFileType = archive.ar; path = "libITKBioCell-4.2.a"; sourceTree = "<group>"; };
		03EA9EE9162486AA003F510A /* libITKCommon-4.2.a */ = {isa = PBXFileReference; lastKnownFileType = archive.ar; path = "libITKCommon-4.2.a"; sourceTree = "<group>"; };
		03EA9EEA162486AA003F510A /* libITKDeprecated-4.2.a */ = {isa = PBXFileReference; lastKnownFileType = archive.ar; path = "libITKDeprecated-4.2.a"; sourceTree = "<group>"; };
		03EA9EEB162486AA003F510A /* libITKDICOMParser-4.2.a */ = {isa = PBXFileReference; lastKnownFileType = archive.ar; path = "libITKDICOMParser-4.2.a"; sourceTree = "<group>"; };
		03EA9EEC162486AA003F510A /* libITKEXPAT-4.2.a */ = {isa = PBXFileReference; lastKnownFileType = archive.ar; path = "libITKEXPAT-4.2.a"; sourceTree = "<group>"; };
		03EA9EED162486AA003F510A /* libITKFEM-4.2.a */ = {isa = PBXFileReference; lastKnownFileType = archive.ar; path = "libITKFEM-4.2.a"; sourceTree = "<group>"; };
		03EA9EEE162486AA003F510A /* libitkgdcmCommon-4.2.a */ = {isa = PBXFileReference; lastKnownFileType = archive.ar; path = "libitkgdcmCommon-4.2.a"; sourceTree = "<group>"; };
		03EA9EEF162486AA003F510A /* libitkgdcmDICT-4.2.a */ = {isa = PBXFileReference; lastKnownFileType = archive.ar; path = "libitkgdcmDICT-4.2.a"; sourceTree = "<group>"; };
		03EA9EF0162486AA003F510A /* libitkgdcmDSED-4.2.a */ = {isa = PBXFileReference; lastKnownFileType = archive.ar; path = "libitkgdcmDSED-4.2.a"; sourceTree = "<group>"; };
		03EA9EF1162486AA003F510A /* libitkgdcmIOD-4.2.a */ = {isa = PBXFileReference; lastKnownFileType = archive.ar; path = "libitkgdcmIOD-4.2.a"; sourceTree = "<group>"; };
		03EA9EF2162486AA003F510A /* libitkgdcmjpeg12-4.2.a */ = {isa = PBXFileReference; lastKnownFileType = archive.ar; path = "libitkgdcmjpeg12-4.2.a"; sourceTree = "<group>"; };
		03EA9EF3162486AA003F510A /* libitkgdcmjpeg16-4.2.a */ = {isa = PBXFileReference; lastKnownFileType = archive.ar; path = "libitkgdcmjpeg16-4.2.a"; sourceTree = "<group>"; };
		03EA9EF4162486AA003F510A /* libitkgdcmjpeg8-4.2.a */ = {isa = PBXFileReference; lastKnownFileType = archive.ar; path = "libitkgdcmjpeg8-4.2.a"; sourceTree = "<group>"; };
		03EA9EF5162486AA003F510A /* libitkgdcmMSFF-4.2.a */ = {isa = PBXFileReference; lastKnownFileType = archive.ar; path = "libitkgdcmMSFF-4.2.a"; sourceTree = "<group>"; };
		03EA9EF6162486AA003F510A /* libitkgdcmuuid-4.2.a */ = {isa = PBXFileReference; lastKnownFileType = archive.ar; path = "libitkgdcmuuid-4.2.a"; sourceTree = "<group>"; };
		03EA9EF7162486AA003F510A /* libITKgiftiio-4.2.a */ = {isa = PBXFileReference; lastKnownFileType = archive.ar; path = "libITKgiftiio-4.2.a"; sourceTree = "<group>"; };
		03EA9EF8162486AA003F510A /* libitkhdf5-4.2.a */ = {isa = PBXFileReference; lastKnownFileType = archive.ar; path = "libitkhdf5-4.2.a"; sourceTree = "<group>"; };
		03EA9EF9162486AA003F510A /* libitkhdf5_cpp-4.2.a */ = {isa = PBXFileReference; lastKnownFileType = archive.ar; path = "libitkhdf5_cpp-4.2.a"; sourceTree = "<group>"; };
		03EA9EFA162486AA003F510A /* libITKIOBioRad-4.2.a */ = {isa = PBXFileReference; lastKnownFileType = archive.ar; path = "libITKIOBioRad-4.2.a"; sourceTree = "<group>"; };
		03EA9EFB162486AA003F510A /* libITKIOBMP-4.2.a */ = {isa = PBXFileReference; lastKnownFileType = archive.ar; path = "libITKIOBMP-4.2.a"; sourceTree = "<group>"; };
		03EA9EFC162486AA003F510A /* libITKIOCSV-4.2.a */ = {isa = PBXFileReference; lastKnownFileType = archive.ar; path = "libITKIOCSV-4.2.a"; sourceTree = "<group>"; };
		03EA9EFD162486AA003F510A /* libITKIOGDCM-4.2.a */ = {isa = PBXFileReference; lastKnownFileType = archive.ar; path = "libITKIOGDCM-4.2.a"; sourceTree = "<group>"; };
		03EA9EFE162486AA003F510A /* libITKIOGE-4.2.a */ = {isa = PBXFileReference; lastKnownFileType = archive.ar; path = "libITKIOGE-4.2.a"; sourceTree = "<group>"; };
		03EA9EFF162486AA003F510A /* libITKIOGIPL-4.2.a */ = {isa = PBXFileReference; lastKnownFileType = archive.ar; path = "libITKIOGIPL-4.2.a"; sourceTree = "<group>"; };
		03EA9F00162486AA003F510A /* libITKIOHDF5-4.2.a */ = {isa = PBXFileReference; lastKnownFileType = archive.ar; path = "libITKIOHDF5-4.2.a"; sourceTree = "<group>"; };
		03EA9F01162486AA003F510A /* libITKIOImageBase-4.2.a */ = {isa = PBXFileReference; lastKnownFileType = archive.ar; path = "libITKIOImageBase-4.2.a"; sourceTree = "<group>"; };
		03EA9F02162486AA003F510A /* libITKIOIPL-4.2.a */ = {isa = PBXFileReference; lastKnownFileType = archive.ar; path = "libITKIOIPL-4.2.a"; sourceTree = "<group>"; };
		03EA9F03162486AA003F510A /* libITKIOJPEG-4.2.a */ = {isa = PBXFileReference; lastKnownFileType = archive.ar; path = "libITKIOJPEG-4.2.a"; sourceTree = "<group>"; };
		03EA9F04162486AA003F510A /* libITKIOLSM-4.2.a */ = {isa = PBXFileReference; lastKnownFileType = archive.ar; path = "libITKIOLSM-4.2.a"; sourceTree = "<group>"; };
		03EA9F05162486AA003F510A /* libITKIOMesh-4.2.a */ = {isa = PBXFileReference; lastKnownFileType = archive.ar; path = "libITKIOMesh-4.2.a"; sourceTree = "<group>"; };
		03EA9F06162486AA003F510A /* libITKIOMeta-4.2.a */ = {isa = PBXFileReference; lastKnownFileType = archive.ar; path = "libITKIOMeta-4.2.a"; sourceTree = "<group>"; };
		03EA9F07162486AA003F510A /* libITKIONIFTI-4.2.a */ = {isa = PBXFileReference; lastKnownFileType = archive.ar; path = "libITKIONIFTI-4.2.a"; sourceTree = "<group>"; };
		03EA9F08162486AA003F510A /* libITKIONRRD-4.2.a */ = {isa = PBXFileReference; lastKnownFileType = archive.ar; path = "libITKIONRRD-4.2.a"; sourceTree = "<group>"; };
		03EA9F09162486AA003F510A /* libITKIOPNG-4.2.a */ = {isa = PBXFileReference; lastKnownFileType = archive.ar; path = "libITKIOPNG-4.2.a"; sourceTree = "<group>"; };
		03EA9F0A162486AA003F510A /* libITKIOSiemens-4.2.a */ = {isa = PBXFileReference; lastKnownFileType = archive.ar; path = "libITKIOSiemens-4.2.a"; sourceTree = "<group>"; };
		03EA9F0B162486AA003F510A /* libITKIOSpatialObjects-4.2.a */ = {isa = PBXFileReference; lastKnownFileType = archive.ar; path = "libITKIOSpatialObjects-4.2.a"; sourceTree = "<group>"; };
		03EA9F0C162486AA003F510A /* libITKIOStimulate-4.2.a */ = {isa = PBXFileReference; lastKnownFileType = archive.ar; path = "libITKIOStimulate-4.2.a"; sourceTree = "<group>"; };
		03EA9F0D162486AA003F510A /* libITKIOTIFF-4.2.a */ = {isa = PBXFileReference; lastKnownFileType = archive.ar; path = "libITKIOTIFF-4.2.a"; sourceTree = "<group>"; };
		03EA9F0E162486AA003F510A /* libITKIOTransformBase-4.2.a */ = {isa = PBXFileReference; lastKnownFileType = archive.ar; path = "libITKIOTransformBase-4.2.a"; sourceTree = "<group>"; };
		03EA9F0F162486AA003F510A /* libITKIOTransformHDF5-4.2.a */ = {isa = PBXFileReference; lastKnownFileType = archive.ar; path = "libITKIOTransformHDF5-4.2.a"; sourceTree = "<group>"; };
		03EA9F10162486AA003F510A /* libITKIOTransformInsightLegacy-4.2.a */ = {isa = PBXFileReference; lastKnownFileType = archive.ar; path = "libITKIOTransformInsightLegacy-4.2.a"; sourceTree = "<group>"; };
		03EA9F11162486AA003F510A /* libITKIOTransformMatlab-4.2.a */ = {isa = PBXFileReference; lastKnownFileType = archive.ar; path = "libITKIOTransformMatlab-4.2.a"; sourceTree = "<group>"; };
		03EA9F12162486AA003F510A /* libITKIOVTK-4.2.a */ = {isa = PBXFileReference; lastKnownFileType = archive.ar; path = "libITKIOVTK-4.2.a"; sourceTree = "<group>"; };
		03EA9F13162486AA003F510A /* libITKIOXML-4.2.a */ = {isa = PBXFileReference; lastKnownFileType = archive.ar; path = "libITKIOXML-4.2.a"; sourceTree = "<group>"; };
		03EA9F14162486AA003F510A /* libitkjpeg-4.2.a */ = {isa = PBXFileReference; lastKnownFileType = archive.ar; path = "libitkjpeg-4.2.a"; sourceTree = "<group>"; };
		03EA9F15162486AA003F510A /* libITKKLMRegionGrowing-4.2.a */ = {isa = PBXFileReference; lastKnownFileType = archive.ar; path = "libITKKLMRegionGrowing-4.2.a"; sourceTree = "<group>"; };
		03EA9F16162486AA003F510A /* libITKLabelMap-4.2.a */ = {isa = PBXFileReference; lastKnownFileType = archive.ar; path = "libITKLabelMap-4.2.a"; sourceTree = "<group>"; };
		03EA9F17162486AA003F510A /* libITKMesh-4.2.a */ = {isa = PBXFileReference; lastKnownFileType = archive.ar; path = "libITKMesh-4.2.a"; sourceTree = "<group>"; };
		03EA9F18162486AA003F510A /* libITKMetaIO-4.2.a */ = {isa = PBXFileReference; lastKnownFileType = archive.ar; path = "libITKMetaIO-4.2.a"; sourceTree = "<group>"; };
		03EA9F19162486AA003F510A /* libitkNetlibSlatec-4.2.a */ = {isa = PBXFileReference; lastKnownFileType = archive.ar; path = "libitkNetlibSlatec-4.2.a"; sourceTree = "<group>"; };
		03EA9F1A162486AA003F510A /* libITKniftiio-4.2.a */ = {isa = PBXFileReference; lastKnownFileType = archive.ar; path = "libITKniftiio-4.2.a"; sourceTree = "<group>"; };
		03EA9F1B162486AA003F510A /* libITKNrrdIO-4.2.a */ = {isa = PBXFileReference; lastKnownFileType = archive.ar; path = "libITKNrrdIO-4.2.a"; sourceTree = "<group>"; };
		03EA9F1C162486AA003F510A /* libitkopenjpeg-4.2.a */ = {isa = PBXFileReference; lastKnownFileType = archive.ar; path = "libitkopenjpeg-4.2.a"; sourceTree = "<group>"; };
		03EA9F1D162486AA003F510A /* libitkopITKsys-4.2.a */ = {isa = PBXFileReference; lastKnownFileType = archive.ar; path = "libitkopITKsys-4.2.a"; sourceTree = "<group>"; };
		03EA9F1E162486AA003F510A /* libITKOptimizers-4.2.a */ = {isa = PBXFileReference; lastKnownFileType = archive.ar; path = "libITKOptimizers-4.2.a"; sourceTree = "<group>"; };
		03EA9F1F162486AA003F510A /* libITKOptimizersv4-4.2.a */ = {isa = PBXFileReference; lastKnownFileType = archive.ar; path = "libITKOptimizersv4-4.2.a"; sourceTree = "<group>"; };
		03EA9F20162486AA003F510A /* libITKPath-4.2.a */ = {isa = PBXFileReference; lastKnownFileType = archive.ar; path = "libITKPath-4.2.a"; sourceTree = "<group>"; };
		03EA9F21162486AA003F510A /* libitkpng-4.2.a */ = {isa = PBXFileReference; lastKnownFileType = archive.ar; path = "libitkpng-4.2.a"; sourceTree = "<group>"; };
		03EA9F22162486AA003F510A /* libITKPolynomials-4.2.a */ = {isa = PBXFileReference; lastKnownFileType = archive.ar; path = "libITKPolynomials-4.2.a"; sourceTree = "<group>"; };
		03EA9F23162486AA003F510A /* libITKQuadEdgeMesh-4.2.a */ = {isa = PBXFileReference; lastKnownFileType = archive.ar; path = "libITKQuadEdgeMesh-4.2.a"; sourceTree = "<group>"; };
		03EA9F24162486AA003F510A /* libITKReview-4.2.a */ = {isa = PBXFileReference; lastKnownFileType = archive.ar; path = "libITKReview-4.2.a"; sourceTree = "<group>"; };
		03EA9F25162486AA003F510A /* libITKSpatialObjects-4.2.a */ = {isa = PBXFileReference; lastKnownFileType = archive.ar; path = "libITKSpatialObjects-4.2.a"; sourceTree = "<group>"; };
		03EA9F26162486AA003F510A /* libITKStatistics-4.2.a */ = {isa = PBXFileReference; lastKnownFileType = archive.ar; path = "libITKStatistics-4.2.a"; sourceTree = "<group>"; };
		03EA9F27162486AA003F510A /* libitktestlib-4.2.a */ = {isa = PBXFileReference; lastKnownFileType = archive.ar; path = "libitktestlib-4.2.a"; sourceTree = "<group>"; };
		03EA9F28162486AA003F510A /* libitktiff-4.2.a */ = {isa = PBXFileReference; lastKnownFileType = archive.ar; path = "libitktiff-4.2.a"; sourceTree = "<group>"; };
		03EA9F29162486AA003F510A /* libitkv3p_lsqr-4.2.a */ = {isa = PBXFileReference; lastKnownFileType = archive.ar; path = "libitkv3p_lsqr-4.2.a"; sourceTree = "<group>"; };
		03EA9F2A162486AA003F510A /* libitkv3p_netlib-4.2.a */ = {isa = PBXFileReference; lastKnownFileType = archive.ar; path = "libitkv3p_netlib-4.2.a"; sourceTree = "<group>"; };
		03EA9F2B162486AA003F510A /* libitkvcl-4.2.a */ = {isa = PBXFileReference; lastKnownFileType = archive.ar; path = "libitkvcl-4.2.a"; sourceTree = "<group>"; };
		03EA9F2C162486AA003F510A /* libITKVideoCore-4.2.a */ = {isa = PBXFileReference; lastKnownFileType = archive.ar; path = "libITKVideoCore-4.2.a"; sourceTree = "<group>"; };
		03EA9F2D162486AA003F510A /* libITKVideoIO-4.2.a */ = {isa = PBXFileReference; lastKnownFileType = archive.ar; path = "libITKVideoIO-4.2.a"; sourceTree = "<group>"; };
		03EA9F2E162486AA003F510A /* libitkvnl-4.2.a */ = {isa = PBXFileReference; lastKnownFileType = archive.ar; path = "libitkvnl-4.2.a"; sourceTree = "<group>"; };
		03EA9F2F162486AA003F510A /* libitkvnl_algo-4.2.a */ = {isa = PBXFileReference; lastKnownFileType = archive.ar; path = "libitkvnl_algo-4.2.a"; sourceTree = "<group>"; };
		03EA9F30162486AA003F510A /* libITKVNLInstantiation-4.2.a */ = {isa = PBXFileReference; lastKnownFileType = archive.ar; path = "libITKVNLInstantiation-4.2.a"; sourceTree = "<group>"; };
		03EA9F31162486AA003F510A /* libITKVTK-4.2.a */ = {isa = PBXFileReference; lastKnownFileType = archive.ar; path = "libITKVTK-4.2.a"; sourceTree = "<group>"; };
		03EA9F32162486AA003F510A /* libITKWatersheds-4.2.a */ = {isa = PBXFileReference; lastKnownFileType = archive.ar; path = "libITKWatersheds-4.2.a"; sourceTree = "<group>"; };
		03EA9F33162486AA003F510A /* libitkzlib-4.2.a */ = {isa = PBXFileReference; lastKnownFileType = archive.ar; path = "libitkzlib-4.2.a"; sourceTree = "<group>"; };
		03EA9F34162486AA003F510A /* libITKznz-4.2.a */ = {isa = PBXFileReference; lastKnownFileType = archive.ar; path = "libITKznz-4.2.a"; sourceTree = "<group>"; };
		03EA9F3B162498C5003F510A /* libLSDyna.a */ = {isa = PBXFileReference; lastKnownFileType = archive.ar; path = libLSDyna.a; sourceTree = "<group>"; };
		03EA9F3C162498C5003F510A /* libMapReduceMPI.a */ = {isa = PBXFileReference; lastKnownFileType = archive.ar; path = libMapReduceMPI.a; sourceTree = "<group>"; };
		03EA9F3D162498C5003F510A /* libmpistubs.a */ = {isa = PBXFileReference; lastKnownFileType = archive.ar; path = libmpistubs.a; sourceTree = "<group>"; };
		03EA9F3E162498C5003F510A /* libvtkalglib.a */ = {isa = PBXFileReference; lastKnownFileType = archive.ar; path = libvtkalglib.a; sourceTree = "<group>"; };
		03EA9F3F162498C5003F510A /* libvtkCharts.a */ = {isa = PBXFileReference; lastKnownFileType = archive.ar; path = libvtkCharts.a; sourceTree = "<group>"; };
		03EA9F40162498C5003F510A /* libvtkCommon.a */ = {isa = PBXFileReference; lastKnownFileType = archive.ar; path = libvtkCommon.a; sourceTree = "<group>"; };
		03EA9F41162498C5003F510A /* libvtkDICOMParser.a */ = {isa = PBXFileReference; lastKnownFileType = archive.ar; path = libvtkDICOMParser.a; sourceTree = "<group>"; };
		03EA9F42162498C5003F510A /* libvtkexoIIc.a */ = {isa = PBXFileReference; lastKnownFileType = archive.ar; path = libvtkexoIIc.a; sourceTree = "<group>"; };
		03EA9F43162498C5003F510A /* libvtkexpat.a */ = {isa = PBXFileReference; lastKnownFileType = archive.ar; path = libvtkexpat.a; sourceTree = "<group>"; };
		03EA9F44162498C5003F510A /* libvtkFiltering.a */ = {isa = PBXFileReference; lastKnownFileType = archive.ar; path = libvtkFiltering.a; sourceTree = "<group>"; };
		03EA9F45162498C5003F510A /* libvtkfreetype.a */ = {isa = PBXFileReference; lastKnownFileType = archive.ar; path = libvtkfreetype.a; sourceTree = "<group>"; };
		03EA9F46162498C5003F510A /* libvtkftgl.a */ = {isa = PBXFileReference; lastKnownFileType = archive.ar; path = libvtkftgl.a; sourceTree = "<group>"; };
		03EA9F47162498C5003F510A /* libvtkGenericFiltering.a */ = {isa = PBXFileReference; lastKnownFileType = archive.ar; path = libvtkGenericFiltering.a; sourceTree = "<group>"; };
		03EA9F48162498C5003F510A /* libvtkGeovis.a */ = {isa = PBXFileReference; lastKnownFileType = archive.ar; path = libvtkGeovis.a; sourceTree = "<group>"; };
		03EA9F49162498C5003F510A /* libvtkGraphics.a */ = {isa = PBXFileReference; lastKnownFileType = archive.ar; path = libvtkGraphics.a; sourceTree = "<group>"; };
		03EA9F4A162498C5003F510A /* libvtkhdf5.a */ = {isa = PBXFileReference; lastKnownFileType = archive.ar; path = libvtkhdf5.a; sourceTree = "<group>"; };
		03EA9F4B162498C5003F510A /* libvtkhdf5_hl.a */ = {isa = PBXFileReference; lastKnownFileType = archive.ar; path = libvtkhdf5_hl.a; sourceTree = "<group>"; };
		03EA9F4C162498C5003F510A /* libvtkHybrid.a */ = {isa = PBXFileReference; lastKnownFileType = archive.ar; path = libvtkHybrid.a; sourceTree = "<group>"; };
		03EA9F4D162498C5003F510A /* libvtkImaging.a */ = {isa = PBXFileReference; lastKnownFileType = archive.ar; path = libvtkImaging.a; sourceTree = "<group>"; };
		03EA9F4E162498C5003F510A /* libvtkInfovis.a */ = {isa = PBXFileReference; lastKnownFileType = archive.ar; path = libvtkInfovis.a; sourceTree = "<group>"; };
		03EA9F4F162498C5003F510A /* libvtkIO.a */ = {isa = PBXFileReference; lastKnownFileType = archive.ar; path = libvtkIO.a; sourceTree = "<group>"; };
		03EA9F50162498C5003F510A /* libvtkjpeg.a */ = {isa = PBXFileReference; lastKnownFileType = archive.ar; path = libvtkjpeg.a; sourceTree = "<group>"; };
		03EA9F51162498C5003F510A /* libvtklibxml2.a */ = {isa = PBXFileReference; lastKnownFileType = archive.ar; path = libvtklibxml2.a; sourceTree = "<group>"; };
		03EA9F52162498C5003F510A /* libvtkmetaio.a */ = {isa = PBXFileReference; lastKnownFileType = archive.ar; path = libvtkmetaio.a; sourceTree = "<group>"; };
		03EA9F53162498C5003F510A /* libvtkNetCDF.a */ = {isa = PBXFileReference; lastKnownFileType = archive.ar; path = libvtkNetCDF.a; sourceTree = "<group>"; };
		03EA9F54162498C5003F510A /* libvtkNetCDF_cxx.a */ = {isa = PBXFileReference; lastKnownFileType = archive.ar; path = libvtkNetCDF_cxx.a; sourceTree = "<group>"; };
		03EA9F55162498C5003F510A /* libvtkOsiriX.a */ = {isa = PBXFileReference; lastKnownFileType = archive.ar; path = libvtkOsiriX.a; sourceTree = "<group>"; };
		03EA9F56162498C5003F510A /* libvtkpng.a */ = {isa = PBXFileReference; lastKnownFileType = archive.ar; path = libvtkpng.a; sourceTree = "<group>"; };
		03EA9F57162498C5003F510A /* libvtkproj4.a */ = {isa = PBXFileReference; lastKnownFileType = archive.ar; path = libvtkproj4.a; sourceTree = "<group>"; };
		03EA9F58162498C5003F510A /* libvtkRendering.a */ = {isa = PBXFileReference; lastKnownFileType = archive.ar; path = libvtkRendering.a; sourceTree = "<group>"; };
		03EA9F59162498C5003F510A /* libvtksqlite.a */ = {isa = PBXFileReference; lastKnownFileType = archive.ar; path = libvtksqlite.a; sourceTree = "<group>"; };
		03EA9F5A162498C5003F510A /* libvtksys.a */ = {isa = PBXFileReference; lastKnownFileType = archive.ar; path = libvtksys.a; sourceTree = "<group>"; };
		03EA9F5B162498C5003F510A /* libvtktiff.a */ = {isa = PBXFileReference; lastKnownFileType = archive.ar; path = libvtktiff.a; sourceTree = "<group>"; };
		03EA9F5C162498C5003F510A /* libvtkverdict.a */ = {isa = PBXFileReference; lastKnownFileType = archive.ar; path = libvtkverdict.a; sourceTree = "<group>"; };
		03EA9F5D162498C5003F510A /* libvtkViews.a */ = {isa = PBXFileReference; lastKnownFileType = archive.ar; path = libvtkViews.a; sourceTree = "<group>"; };
		03EA9F5E162498C5003F510A /* libvtkVolumeRendering.a */ = {isa = PBXFileReference; lastKnownFileType = archive.ar; path = libvtkVolumeRendering.a; sourceTree = "<group>"; };
		03EA9F5F162498C5003F510A /* libvtkWidgets.a */ = {isa = PBXFileReference; lastKnownFileType = archive.ar; path = libvtkWidgets.a; sourceTree = "<group>"; };
		03EA9F60162498C5003F510A /* libvtkzlib.a */ = {isa = PBXFileReference; lastKnownFileType = archive.ar; path = libvtkzlib.a; sourceTree = "<group>"; };
		03ED00F616A5360100FAE2F3 /* dianeXuITKPointSetRegistration.h */ = {isa = PBXFileReference; fileEncoding = 4; lastKnownFileType = sourcecode.c.h; lineEnding = 0; path = dianeXuITKPointSetRegistration.h; sourceTree = "<group>"; xcLanguageSpecificationIdentifier = xcode.lang.objcpp; };
		03ED00F716A5360100FAE2F3 /* dianeXuITKPointSetRegistration.mm */ = {isa = PBXFileReference; fileEncoding = 4; lastKnownFileType = sourcecode.cpp.objcpp; lineEnding = 0; path = dianeXuITKPointSetRegistration.mm; sourceTree = "<group>"; xcLanguageSpecificationIdentifier = xcode.lang.objcpp; };
		03FED012165A676F0070F92A /* dianeXuWindowController.h */ = {isa = PBXFileReference; fileEncoding = 4; lastKnownFileType = sourcecode.c.h; lineEnding = 0; path = dianeXuWindowController.h; sourceTree = "<group>"; xcLanguageSpecificationIdentifier = xcode.lang.objcpp; };
		03FED013165A676F0070F92A /* dianeXuWindowController.mm */ = {isa = PBXFileReference; fileEncoding = 4; lastKnownFileType = sourcecode.cpp.objcpp; lineEnding = 0; path = dianeXuWindowController.mm; sourceTree = "<group>"; xcLanguageSpecificationIdentifier = xcode.lang.objcpp; };
		03FED014165A676F0070F92A /* dianeXuWindow.xib */ = {isa = PBXFileReference; fileEncoding = 4; lastKnownFileType = file.xib; path = dianeXuWindow.xib; sourceTree = "<group>"; };
		089C1672FE841209C02AAC07 /* Foundation.framework */ = {isa = PBXFileReference; lastKnownFileType = wrapper.framework; name = Foundation.framework; path = /System/Library/Frameworks/Foundation.framework; sourceTree = "<absolute>"; };
		089C167EFE841241C02AAC07 /* English */ = {isa = PBXFileReference; fileEncoding = 10; lastKnownFileType = text.plist.strings; name = English; path = English.lproj/InfoPlist.strings; sourceTree = "<group>"; };
		089C167FFE841241C02AAC07 /* AppKit.framework */ = {isa = PBXFileReference; lastKnownFileType = wrapper.framework; name = AppKit.framework; path = /System/Library/Frameworks/AppKit.framework; sourceTree = "<absolute>"; };
		1058C7ADFEA557BF11CA2CBB /* Cocoa.framework */ = {isa = PBXFileReference; lastKnownFileType = wrapper.framework; name = Cocoa.framework; path = /System/Library/Frameworks/Cocoa.framework; sourceTree = "<absolute>"; };
		32DBCF630370AF2F00C91783 /* dianeXu_Prefix.pch */ = {isa = PBXFileReference; fileEncoding = 4; lastKnownFileType = sourcecode.c.h; path = dianeXu_Prefix.pch; sourceTree = "<group>"; };
		8420023112E829A200E1E9CE /* OsiriXAPI.framework */ = {isa = PBXFileReference; lastKnownFileType = wrapper.framework; path = OsiriXAPI.framework; sourceTree = "<group>"; };
		8D5B49B7048680CD000E48DA /* Info.plist */ = {isa = PBXFileReference; fileEncoding = 4; lastKnownFileType = text.plist.xml; path = Info.plist; sourceTree = "<group>"; };
		AB5D36050680E57E00F4007A /* dianeXu.osirixplugin */ = {isa = PBXFileReference; explicitFileType = wrapper.cfbundle; includeInIndex = 0; path = dianeXu.osirixplugin; sourceTree = BUILT_PRODUCTS_DIR; };
		ABA48A640680BB600089EB4F /* dianeXuFilter.h */ = {isa = PBXFileReference; fileEncoding = 4; lastKnownFileType = sourcecode.c.h; lineEnding = 0; path = dianeXuFilter.h; sourceTree = "<group>"; xcLanguageSpecificationIdentifier = xcode.lang.objcpp; };
		ABA48A660680BB690089EB4F /* dianeXuFilter.mm */ = {isa = PBXFileReference; explicitFileType = sourcecode.cpp.objcpp; fileEncoding = 4; lineEnding = 0; path = dianeXuFilter.mm; sourceTree = "<group>"; xcLanguageSpecificationIdentifier = xcode.lang.objcpp; };
/* End PBXFileReference section */

/* Begin PBXFrameworksBuildPhase section */
		03E1FA0E15FF5A0000C59023 /* Frameworks */ = {
			isa = PBXFrameworksBuildPhase;
			buildActionMask = 2147483647;
			files = (
				03E1FA1815FF5A0000C59023 /* PreferencePanes.framework in Frameworks */,
			);
			runOnlyForDeploymentPostprocessing = 0;
		};
		8D5B49B3048680CD000E48DA /* Frameworks */ = {
			isa = PBXFrameworksBuildPhase;
			buildActionMask = 2147483647;
			files = (
				8D5B49B4048680CD000E48DA /* Cocoa.framework in Frameworks */,
				8420023212E829A200E1E9CE /* OsiriXAPI.framework in Frameworks */,
				0340066216A098B0006F97F4 /* libITKBiasCorrection-4.2.a in Frameworks */,
				0340066316A098B0006F97F4 /* libITKBioCell-4.2.a in Frameworks */,
				0340066416A098B0006F97F4 /* libITKCommon-4.2.a in Frameworks */,
				0340066516A098B0006F97F4 /* libITKDeprecated-4.2.a in Frameworks */,
				0340066616A098B0006F97F4 /* libITKDICOMParser-4.2.a in Frameworks */,
				0340066716A098B0006F97F4 /* libITKEXPAT-4.2.a in Frameworks */,
				0340066816A098B0006F97F4 /* libITKFEM-4.2.a in Frameworks */,
				0340066916A098B0006F97F4 /* libitkgdcmCommon-4.2.a in Frameworks */,
				0340066A16A098B0006F97F4 /* libitkgdcmDICT-4.2.a in Frameworks */,
				0340066B16A098B0006F97F4 /* libitkgdcmDSED-4.2.a in Frameworks */,
				0340066C16A098B0006F97F4 /* libitkgdcmIOD-4.2.a in Frameworks */,
				0340066D16A098B0006F97F4 /* libitkgdcmjpeg8-4.2.a in Frameworks */,
				0340066E16A098B0006F97F4 /* libitkgdcmjpeg12-4.2.a in Frameworks */,
				0340066F16A098B0006F97F4 /* libitkgdcmjpeg16-4.2.a in Frameworks */,
				0340067016A098B0006F97F4 /* libitkgdcmMSFF-4.2.a in Frameworks */,
				0340067116A098B0006F97F4 /* libitkgdcmuuid-4.2.a in Frameworks */,
				0340067216A098B0006F97F4 /* libITKgiftiio-4.2.a in Frameworks */,
				0340067316A098B0006F97F4 /* libitkhdf5_cpp-4.2.a in Frameworks */,
				0340067416A098B0006F97F4 /* libitkhdf5-4.2.a in Frameworks */,
				0340067516A098B0006F97F4 /* libITKIOBioRad-4.2.a in Frameworks */,
				0340067616A098B0006F97F4 /* libITKIOBMP-4.2.a in Frameworks */,
				0340067716A098B0006F97F4 /* libITKIOCSV-4.2.a in Frameworks */,
				0340067816A098B0006F97F4 /* libITKIOGDCM-4.2.a in Frameworks */,
				0340067916A098B0006F97F4 /* libITKIOGE-4.2.a in Frameworks */,
				0340067A16A098B0006F97F4 /* libITKIOGIPL-4.2.a in Frameworks */,
				0340067B16A098B0006F97F4 /* libITKIOHDF5-4.2.a in Frameworks */,
				0340067C16A098B0006F97F4 /* libITKIOImageBase-4.2.a in Frameworks */,
				0340067D16A098B0006F97F4 /* libITKIOIPL-4.2.a in Frameworks */,
				0340067E16A098B0006F97F4 /* libITKIOJPEG-4.2.a in Frameworks */,
				0340067F16A098B0006F97F4 /* libITKIOLSM-4.2.a in Frameworks */,
				0340068016A098B0006F97F4 /* libITKIOMesh-4.2.a in Frameworks */,
				0340068116A098B0006F97F4 /* libITKIOMeta-4.2.a in Frameworks */,
				0340068216A098B0006F97F4 /* libITKIONIFTI-4.2.a in Frameworks */,
				0340068316A098B0006F97F4 /* libITKIONRRD-4.2.a in Frameworks */,
				0340068416A098B0006F97F4 /* libITKIOPNG-4.2.a in Frameworks */,
				0340068516A098B0006F97F4 /* libITKIOSiemens-4.2.a in Frameworks */,
				0340068616A098B0006F97F4 /* libITKIOSpatialObjects-4.2.a in Frameworks */,
				0340068716A098B0006F97F4 /* libITKIOStimulate-4.2.a in Frameworks */,
				0340068816A098B0006F97F4 /* libITKIOTIFF-4.2.a in Frameworks */,
				0340068916A098B0006F97F4 /* libITKIOTransformBase-4.2.a in Frameworks */,
				0340068A16A098B0006F97F4 /* libITKIOTransformHDF5-4.2.a in Frameworks */,
				0340068B16A098B0006F97F4 /* libITKIOTransformInsightLegacy-4.2.a in Frameworks */,
				0340068C16A098B0006F97F4 /* libITKIOTransformMatlab-4.2.a in Frameworks */,
				0340068D16A098B0006F97F4 /* libITKIOVTK-4.2.a in Frameworks */,
				0340068E16A098B0006F97F4 /* libITKIOXML-4.2.a in Frameworks */,
				0340068F16A098B0006F97F4 /* libitkjpeg-4.2.a in Frameworks */,
				0340069016A098B0006F97F4 /* libITKKLMRegionGrowing-4.2.a in Frameworks */,
				0340069116A098B0006F97F4 /* libITKLabelMap-4.2.a in Frameworks */,
				0340069216A098B0006F97F4 /* libITKMesh-4.2.a in Frameworks */,
				0340069316A098B0006F97F4 /* libITKMetaIO-4.2.a in Frameworks */,
				0340069416A098B0006F97F4 /* libitkNetlibSlatec-4.2.a in Frameworks */,
				0340069516A098B0006F97F4 /* libITKniftiio-4.2.a in Frameworks */,
				0340069616A098B0006F97F4 /* libITKNrrdIO-4.2.a in Frameworks */,
				0340069716A098B0006F97F4 /* libitkopenjpeg-4.2.a in Frameworks */,
				0340069816A098B0006F97F4 /* libitkopITKsys-4.2.a in Frameworks */,
				0340069916A098B0006F97F4 /* libITKOptimizers-4.2.a in Frameworks */,
				0340069A16A098B0006F97F4 /* libITKOptimizersv4-4.2.a in Frameworks */,
				0340069B16A098B0006F97F4 /* libITKPath-4.2.a in Frameworks */,
				0340069C16A098B0006F97F4 /* libitkpng-4.2.a in Frameworks */,
				0340069D16A098B0006F97F4 /* libITKPolynomials-4.2.a in Frameworks */,
				0340069E16A098B0006F97F4 /* libITKQuadEdgeMesh-4.2.a in Frameworks */,
				0340069F16A098B0006F97F4 /* libITKReview-4.2.a in Frameworks */,
				034006A016A098B0006F97F4 /* libITKSpatialObjects-4.2.a in Frameworks */,
				034006A116A098B0006F97F4 /* libITKStatistics-4.2.a in Frameworks */,
				034006A216A098B0006F97F4 /* libitktestlib-4.2.a in Frameworks */,
				034006A316A098B0006F97F4 /* libitktiff-4.2.a in Frameworks */,
				034006A416A098B0006F97F4 /* libitkv3p_lsqr-4.2.a in Frameworks */,
				034006A516A098B0006F97F4 /* libitkv3p_netlib-4.2.a in Frameworks */,
				034006A616A098B0006F97F4 /* libitkvcl-4.2.a in Frameworks */,
				034006A716A098B0006F97F4 /* libITKVideoCore-4.2.a in Frameworks */,
				034006A816A098B0006F97F4 /* libITKVideoIO-4.2.a in Frameworks */,
				034006A916A098B0006F97F4 /* libitkvnl_algo-4.2.a in Frameworks */,
				034006AA16A098B0006F97F4 /* libitkvnl-4.2.a in Frameworks */,
				034006AB16A098B0006F97F4 /* libITKVNLInstantiation-4.2.a in Frameworks */,
				034006AC16A098B0006F97F4 /* libITKVTK-4.2.a in Frameworks */,
				034006AD16A098B0006F97F4 /* libITKWatersheds-4.2.a in Frameworks */,
				034006AE16A098B0006F97F4 /* libitkzlib-4.2.a in Frameworks */,
				034006AF16A098B0006F97F4 /* libITKznz-4.2.a in Frameworks */,
			);
			runOnlyForDeploymentPostprocessing = 0;
		};
/* End PBXFrameworksBuildPhase section */

/* Begin PBXGroup section */
		0348131B16651C8600ABC18A /* Import */ = {
			isa = PBXGroup;
			children = (
				034813171664EC6C00ABC18A /* dianeXuNavxImport.h */,
				034813181664EC6C00ABC18A /* dianeXuNavxImport.m */,
			);
			name = Import;
			sourceTree = "<group>";
		};
		03E1F9F415FF553E00C59023 /* dianeXuPreferences */ = {
			isa = PBXGroup;
			children = (
				03E1F9F515FF55F600C59023 /* dianeXuPreferencesController.h */,
				03E1F9F615FF55F600C59023 /* dianeXuPreferencesController.m */,
				0348130E165F542000ABC18A /* dianeXuPreferencesKeys.h */,
			);
			name = dianeXuPreferences;
			sourceTree = "<group>";
		};
		03E540DC16A04CF4002C4BDC /* StatusWindow */ = {
			isa = PBXGroup;
			children = (
				03729C5F165B4FDA00096AAA /* dianeXuStatusWindowController.h */,
				03729C60165B4FDA00096AAA /* dianeXuStatusWindowController.m */,
			);
			name = StatusWindow;
			sourceTree = "<group>";
		};
		03E540DD16A04D08002C4BDC /* Data */ = {
			isa = PBXGroup;
			children = (
				034813131664E6F700ABC18A /* dianeXuDataSet.h */,
				034813141664E6F700ABC18A /* dianeXuDataSet.m */,
				037430BF1668B0E0006029AF /* dianeXuCoord.h */,
				037430C01668B0E0006029AF /* dianeXuCoord.m */,
			);
			name = Data;
			sourceTree = "<group>";
		};
		03E540DE16A04DF6002C4BDC /* ITK */ = {
			isa = PBXGroup;
			children = (
				03E540DF16A04FC7002C4BDC /* dianeXuITKImageWrapper.h */,
				03E540E016A04FC7002C4BDC /* dianeXuITKImageWrapper.mm */,
				034006B416A17973006F97F4 /* dianeXuITK3dRegionGrowing.h */,
				034006B516A17973006F97F4 /* dianeXuITK3dRegionGrowing.mm */,
				03ED00F616A5360100FAE2F3 /* dianeXuITKPointSetRegistration.h */,
				03ED00F716A5360100FAE2F3 /* dianeXuITKPointSetRegistration.mm */,
			);
			name = ITK;
			sourceTree = "<group>";
		};
		03EA9EE6162486AA003F510A /* ITK */ = {
			isa = PBXGroup;
			children = (
				03EA9EE7162486AA003F510A /* libITKBiasCorrection-4.2.a */,
				03EA9EE8162486AA003F510A /* libITKBioCell-4.2.a */,
				03EA9EE9162486AA003F510A /* libITKCommon-4.2.a */,
				03EA9EEA162486AA003F510A /* libITKDeprecated-4.2.a */,
				03EA9EEB162486AA003F510A /* libITKDICOMParser-4.2.a */,
				03EA9EEC162486AA003F510A /* libITKEXPAT-4.2.a */,
				03EA9EED162486AA003F510A /* libITKFEM-4.2.a */,
				03EA9EEE162486AA003F510A /* libitkgdcmCommon-4.2.a */,
				03EA9EEF162486AA003F510A /* libitkgdcmDICT-4.2.a */,
				03EA9EF0162486AA003F510A /* libitkgdcmDSED-4.2.a */,
				03EA9EF1162486AA003F510A /* libitkgdcmIOD-4.2.a */,
				03EA9EF2162486AA003F510A /* libitkgdcmjpeg12-4.2.a */,
				03EA9EF3162486AA003F510A /* libitkgdcmjpeg16-4.2.a */,
				03EA9EF4162486AA003F510A /* libitkgdcmjpeg8-4.2.a */,
				03EA9EF5162486AA003F510A /* libitkgdcmMSFF-4.2.a */,
				03EA9EF6162486AA003F510A /* libitkgdcmuuid-4.2.a */,
				03EA9EF7162486AA003F510A /* libITKgiftiio-4.2.a */,
				03EA9EF8162486AA003F510A /* libitkhdf5-4.2.a */,
				03EA9EF9162486AA003F510A /* libitkhdf5_cpp-4.2.a */,
				03EA9EFA162486AA003F510A /* libITKIOBioRad-4.2.a */,
				03EA9EFB162486AA003F510A /* libITKIOBMP-4.2.a */,
				03EA9EFC162486AA003F510A /* libITKIOCSV-4.2.a */,
				03EA9EFD162486AA003F510A /* libITKIOGDCM-4.2.a */,
				03EA9EFE162486AA003F510A /* libITKIOGE-4.2.a */,
				03EA9EFF162486AA003F510A /* libITKIOGIPL-4.2.a */,
				03EA9F00162486AA003F510A /* libITKIOHDF5-4.2.a */,
				03EA9F01162486AA003F510A /* libITKIOImageBase-4.2.a */,
				03EA9F02162486AA003F510A /* libITKIOIPL-4.2.a */,
				03EA9F03162486AA003F510A /* libITKIOJPEG-4.2.a */,
				03EA9F04162486AA003F510A /* libITKIOLSM-4.2.a */,
				03EA9F05162486AA003F510A /* libITKIOMesh-4.2.a */,
				03EA9F06162486AA003F510A /* libITKIOMeta-4.2.a */,
				03EA9F07162486AA003F510A /* libITKIONIFTI-4.2.a */,
				03EA9F08162486AA003F510A /* libITKIONRRD-4.2.a */,
				03EA9F09162486AA003F510A /* libITKIOPNG-4.2.a */,
				03EA9F0A162486AA003F510A /* libITKIOSiemens-4.2.a */,
				03EA9F0B162486AA003F510A /* libITKIOSpatialObjects-4.2.a */,
				03EA9F0C162486AA003F510A /* libITKIOStimulate-4.2.a */,
				03EA9F0D162486AA003F510A /* libITKIOTIFF-4.2.a */,
				03EA9F0E162486AA003F510A /* libITKIOTransformBase-4.2.a */,
				03EA9F0F162486AA003F510A /* libITKIOTransformHDF5-4.2.a */,
				03EA9F10162486AA003F510A /* libITKIOTransformInsightLegacy-4.2.a */,
				03EA9F11162486AA003F510A /* libITKIOTransformMatlab-4.2.a */,
				03EA9F12162486AA003F510A /* libITKIOVTK-4.2.a */,
				03EA9F13162486AA003F510A /* libITKIOXML-4.2.a */,
				03EA9F14162486AA003F510A /* libitkjpeg-4.2.a */,
				03EA9F15162486AA003F510A /* libITKKLMRegionGrowing-4.2.a */,
				03EA9F16162486AA003F510A /* libITKLabelMap-4.2.a */,
				03EA9F17162486AA003F510A /* libITKMesh-4.2.a */,
				03EA9F18162486AA003F510A /* libITKMetaIO-4.2.a */,
				03EA9F19162486AA003F510A /* libitkNetlibSlatec-4.2.a */,
				03EA9F1A162486AA003F510A /* libITKniftiio-4.2.a */,
				03EA9F1B162486AA003F510A /* libITKNrrdIO-4.2.a */,
				03EA9F1C162486AA003F510A /* libitkopenjpeg-4.2.a */,
				03EA9F1D162486AA003F510A /* libitkopITKsys-4.2.a */,
				03EA9F1E162486AA003F510A /* libITKOptimizers-4.2.a */,
				03EA9F1F162486AA003F510A /* libITKOptimizersv4-4.2.a */,
				03EA9F20162486AA003F510A /* libITKPath-4.2.a */,
				03EA9F21162486AA003F510A /* libitkpng-4.2.a */,
				03EA9F22162486AA003F510A /* libITKPolynomials-4.2.a */,
				03EA9F23162486AA003F510A /* libITKQuadEdgeMesh-4.2.a */,
				03EA9F24162486AA003F510A /* libITKReview-4.2.a */,
				03EA9F25162486AA003F510A /* libITKSpatialObjects-4.2.a */,
				03EA9F26162486AA003F510A /* libITKStatistics-4.2.a */,
				03EA9F27162486AA003F510A /* libitktestlib-4.2.a */,
				03EA9F28162486AA003F510A /* libitktiff-4.2.a */,
				03EA9F29162486AA003F510A /* libitkv3p_lsqr-4.2.a */,
				03EA9F2A162486AA003F510A /* libitkv3p_netlib-4.2.a */,
				03EA9F2B162486AA003F510A /* libitkvcl-4.2.a */,
				03EA9F2C162486AA003F510A /* libITKVideoCore-4.2.a */,
				03EA9F2D162486AA003F510A /* libITKVideoIO-4.2.a */,
				03EA9F2E162486AA003F510A /* libitkvnl-4.2.a */,
				03EA9F2F162486AA003F510A /* libitkvnl_algo-4.2.a */,
				03EA9F30162486AA003F510A /* libITKVNLInstantiation-4.2.a */,
				03EA9F31162486AA003F510A /* libITKVTK-4.2.a */,
				03EA9F32162486AA003F510A /* libITKWatersheds-4.2.a */,
				03EA9F33162486AA003F510A /* libitkzlib-4.2.a */,
				03EA9F34162486AA003F510A /* libITKznz-4.2.a */,
			);
			name = ITK;
			path = ../ITK421/build/lib/Release;
			sourceTree = "<group>";
		};
		03EA9F3516248712003F510A /* Preferences */ = {
			isa = PBXGroup;
			children = (
				037430D21677B23F006029AF /* Icon.png */,
				037430C7167790E7006029AF /* Icon-Small.png */,
				03E1FA3015FF611E00C59023 /* dianeXuPreferences-Info.plist */,
				03E1F9F915FF56AF00C59023 /* dianeXuPreferences.xib */,
			);
			name = Preferences;
			sourceTree = "<group>";
		};
		03EA9F391624882F003F510A /* Static Frameworks */ = {
			isa = PBXGroup;
			children = (
				03EA9F3A162498C5003F510A /* VTK */,
				03EA9EE6162486AA003F510A /* ITK */,
			);
			name = "Static Frameworks";
			sourceTree = "<group>";
		};
		03EA9F3A162498C5003F510A /* VTK */ = {
			isa = PBXGroup;
			children = (
				03EA9F3B162498C5003F510A /* libLSDyna.a */,
				03EA9F3C162498C5003F510A /* libMapReduceMPI.a */,
				03EA9F3D162498C5003F510A /* libmpistubs.a */,
				03EA9F3E162498C5003F510A /* libvtkalglib.a */,
				03EA9F3F162498C5003F510A /* libvtkCharts.a */,
				03EA9F40162498C5003F510A /* libvtkCommon.a */,
				03EA9F41162498C5003F510A /* libvtkDICOMParser.a */,
				03EA9F42162498C5003F510A /* libvtkexoIIc.a */,
				03EA9F43162498C5003F510A /* libvtkexpat.a */,
				03EA9F44162498C5003F510A /* libvtkFiltering.a */,
				03EA9F45162498C5003F510A /* libvtkfreetype.a */,
				03EA9F46162498C5003F510A /* libvtkftgl.a */,
				03EA9F47162498C5003F510A /* libvtkGenericFiltering.a */,
				03EA9F48162498C5003F510A /* libvtkGeovis.a */,
				03EA9F49162498C5003F510A /* libvtkGraphics.a */,
				03EA9F4A162498C5003F510A /* libvtkhdf5.a */,
				03EA9F4B162498C5003F510A /* libvtkhdf5_hl.a */,
				03EA9F4C162498C5003F510A /* libvtkHybrid.a */,
				03EA9F4D162498C5003F510A /* libvtkImaging.a */,
				03EA9F4E162498C5003F510A /* libvtkInfovis.a */,
				03EA9F4F162498C5003F510A /* libvtkIO.a */,
				03EA9F50162498C5003F510A /* libvtkjpeg.a */,
				03EA9F51162498C5003F510A /* libvtklibxml2.a */,
				03EA9F52162498C5003F510A /* libvtkmetaio.a */,
				03EA9F53162498C5003F510A /* libvtkNetCDF.a */,
				03EA9F54162498C5003F510A /* libvtkNetCDF_cxx.a */,
				03EA9F55162498C5003F510A /* libvtkOsiriX.a */,
				03EA9F56162498C5003F510A /* libvtkpng.a */,
				03EA9F57162498C5003F510A /* libvtkproj4.a */,
				03EA9F58162498C5003F510A /* libvtkRendering.a */,
				03EA9F59162498C5003F510A /* libvtksqlite.a */,
				03EA9F5A162498C5003F510A /* libvtksys.a */,
				03EA9F5B162498C5003F510A /* libvtktiff.a */,
				03EA9F5C162498C5003F510A /* libvtkverdict.a */,
				03EA9F5D162498C5003F510A /* libvtkViews.a */,
				03EA9F5E162498C5003F510A /* libvtkVolumeRendering.a */,
				03EA9F5F162498C5003F510A /* libvtkWidgets.a */,
				03EA9F60162498C5003F510A /* libvtkzlib.a */,
			);
			name = VTK;
			path = ../osirix/osirix/Binaries/VTKLibs;
			sourceTree = "<group>";
		};
		03FECFFF165A63160070F92A /* dianeXuXIBs */ = {
			isa = PBXGroup;
			children = (
				03729C61165B4FDA00096AAA /* dianeXuStatusWindow.xib */,
				03FED014165A676F0070F92A /* dianeXuWindow.xib */,
			);
			name = dianeXuXIBs;
			sourceTree = "<group>";
		};
		089C166AFE841209C02AAC07 /* dianeXu */ = {
			isa = PBXGroup;
			children = (
				08FB77AFFE84173DC02AAC07 /* Classes */,
				32C88E010371C26100C91783 /* Other Sources */,
				089C167CFE841241C02AAC07 /* Resources */,
				089C1671FE841209C02AAC07 /* Frameworks and Libraries */,
				19C28FB8FE9D52D311CA2CBB /* Products */,
			);
			name = dianeXu;
			sourceTree = "<group>";
		};
		089C1671FE841209C02AAC07 /* Frameworks and Libraries */ = {
			isa = PBXGroup;
			children = (
				03EA9F391624882F003F510A /* Static Frameworks */,
				8420023112E829A200E1E9CE /* OsiriXAPI.framework */,
				1058C7ACFEA557BF11CA2CBB /* Linked Frameworks */,
				1058C7AEFEA557BF11CA2CBB /* Other Frameworks */,
			);
			name = "Frameworks and Libraries";
			sourceTree = "<group>";
		};
		089C167CFE841241C02AAC07 /* Resources */ = {
			isa = PBXGroup;
			children = (
				03FECFFF165A63160070F92A /* dianeXuXIBs */,
				03EA9F3516248712003F510A /* Preferences */,
				8D5B49B7048680CD000E48DA /* Info.plist */,
				089C167DFE841241C02AAC07 /* InfoPlist.strings */,
			);
			name = Resources;
			sourceTree = "<group>";
		};
		08FB77AFFE84173DC02AAC07 /* Classes */ = {
			isa = PBXGroup;
			children = (
				03E540DE16A04DF6002C4BDC /* ITK */,
				0348131B16651C8600ABC18A /* Import */,
				03E1F9F415FF553E00C59023 /* dianeXuPreferences */,
				AB2C26750677B0C400A08910 /* dianeXuFilter */,
			);
			name = Classes;
			sourceTree = "<group>";
		};
		1058C7ACFEA557BF11CA2CBB /* Linked Frameworks */ = {
			isa = PBXGroup;
			children = (
				1058C7ADFEA557BF11CA2CBB /* Cocoa.framework */,
			);
			name = "Linked Frameworks";
			sourceTree = "<group>";
		};
		1058C7AEFEA557BF11CA2CBB /* Other Frameworks */ = {
			isa = PBXGroup;
			children = (
				03E1FA1715FF5A0000C59023 /* PreferencePanes.framework */,
				089C1672FE841209C02AAC07 /* Foundation.framework */,
				089C167FFE841241C02AAC07 /* AppKit.framework */,
			);
			name = "Other Frameworks";
			sourceTree = "<group>";
		};
		19C28FB8FE9D52D311CA2CBB /* Products */ = {
			isa = PBXGroup;
			children = (
				AB5D36050680E57E00F4007A /* dianeXu.osirixplugin */,
				03E1FA1315FF5A0000C59023 /* dianeXuPreferences.prefPane */,
			);
			name = Products;
			sourceTree = "<group>";
		};
		32C88E010371C26100C91783 /* Other Sources */ = {
			isa = PBXGroup;
			children = (
				32DBCF630370AF2F00C91783 /* dianeXu_Prefix.pch */,
			);
			name = "Other Sources";
			sourceTree = "<group>";
		};
		AB2C26750677B0C400A08910 /* dianeXuFilter */ = {
			isa = PBXGroup;
			children = (
				03E540DD16A04D08002C4BDC /* Data */,
				03E540DC16A04CF4002C4BDC /* StatusWindow */,
				ABA48A640680BB600089EB4F /* dianeXuFilter.h */,
				ABA48A660680BB690089EB4F /* dianeXuFilter.mm */,
				03FED012165A676F0070F92A /* dianeXuWindowController.h */,
				03FED013165A676F0070F92A /* dianeXuWindowController.mm */,
			);
			name = dianeXuFilter;
			sourceTree = "<group>";
		};
/* End PBXGroup section */

/* Begin PBXHeadersBuildPhase section */
		8D5B49AD048680CD000E48DA /* Headers */ = {
			isa = PBXHeadersBuildPhase;
			buildActionMask = 2147483647;
			files = (
				8D5B49AE048680CD000E48DA /* dianeXu_Prefix.pch in Headers */,
				ABA48A650680BB600089EB4F /* dianeXuFilter.h in Headers */,
				03FED015165A676F0070F92A /* dianeXuWindowController.h in Headers */,
				03729C62165B4FDA00096AAA /* dianeXuStatusWindowController.h in Headers */,
				034813151664E6F700ABC18A /* dianeXuDataSet.h in Headers */,
				034813191664EC6C00ABC18A /* dianeXuNavxImport.h in Headers */,
				037430C11668B0E0006029AF /* dianeXuCoord.h in Headers */,
				03E540E116A04FC7002C4BDC /* dianeXuITKImageWrapper.h in Headers */,
				034006B616A17973006F97F4 /* dianeXuITK3dRegionGrowing.h in Headers */,
				03ED00F816A5360100FAE2F3 /* dianeXuITKPointSetRegistration.h in Headers */,
			);
			runOnlyForDeploymentPostprocessing = 0;
		};
/* End PBXHeadersBuildPhase section */

/* Begin PBXNativeTarget section */
		03E1FA1215FF5A0000C59023 /* dianeXuPreferences */ = {
			isa = PBXNativeTarget;
			buildConfigurationList = 03E1FA2C15FF5A0000C59023 /* Build configuration list for PBXNativeTarget "dianeXuPreferences" */;
			buildPhases = (
				03E1FA1015FF5A0000C59023 /* Resources */,
				03E1FA0D15FF5A0000C59023 /* Sources */,
				03E1FA0E15FF5A0000C59023 /* Frameworks */,
			);
			buildRules = (
			);
			dependencies = (
			);
			name = dianeXuPreferences;
			productName = dianeXuPreferences;
			productReference = 03E1FA1315FF5A0000C59023 /* dianeXuPreferences.prefPane */;
			productType = "com.apple.product-type.bundle";
		};
		8D5B49AC048680CD000E48DA /* dianeXu */ = {
			isa = PBXNativeTarget;
			buildConfigurationList = CE6A9A9008AC841300D0C1EE /* Build configuration list for PBXNativeTarget "dianeXu" */;
			buildPhases = (
				8D5B49AD048680CD000E48DA /* Headers */,
				8D5B49AF048680CD000E48DA /* Resources */,
				8D5B49B1048680CD000E48DA /* Sources */,
				8D5B49B3048680CD000E48DA /* Frameworks */,
				8D5B49B5048680CD000E48DA /* Rez */,
			);
			buildRules = (
			);
			dependencies = (
				03E1FA3415FF671D00C59023 /* PBXTargetDependency */,
			);
			name = dianeXu;
			productInstallPath = "$(HOME)/Library/Bundles";
			productName = Invert;
			productReference = AB5D36050680E57E00F4007A /* dianeXu.osirixplugin */;
			productType = "com.apple.product-type.bundle";
		};
/* End PBXNativeTarget section */

/* Begin PBXProject section */
		089C1669FE841209C02AAC07 /* Project object */ = {
			isa = PBXProject;
			attributes = {
				LastUpgradeCheck = 0440;
			};
			buildConfigurationList = CE6A9A9408AC841300D0C1EE /* Build configuration list for PBXProject "dianeXu" */;
			compatibilityVersion = "Xcode 3.2";
			developmentRegion = English;
			hasScannedForEncodings = 1;
			knownRegions = (
				English,
				Japanese,
				French,
				German,
				en,
			);
			mainGroup = 089C166AFE841209C02AAC07 /* dianeXu */;
			projectDirPath = "";
			projectRoot = "";
			targets = (
				8D5B49AC048680CD000E48DA /* dianeXu */,
				03E1FA1215FF5A0000C59023 /* dianeXuPreferences */,
			);
		};
/* End PBXProject section */

/* Begin PBXResourcesBuildPhase section */
		03E1FA1015FF5A0000C59023 /* Resources */ = {
			isa = PBXResourcesBuildPhase;
			buildActionMask = 2147483647;
			files = (
				03E1FA3215FF658E00C59023 /* dianeXuPreferences.xib in Resources */,
			);
			runOnlyForDeploymentPostprocessing = 0;
		};
		8D5B49AF048680CD000E48DA /* Resources */ = {
			isa = PBXResourcesBuildPhase;
			buildActionMask = 2147483647;
			files = (
				03E1FA3515FF674900C59023 /* dianeXuPreferences.prefPane in Resources */,
				8D5B49B0048680CD000E48DA /* InfoPlist.strings in Resources */,
				03FED017165A676F0070F92A /* dianeXuWindow.xib in Resources */,
				03729C64165B4FDA00096AAA /* dianeXuStatusWindow.xib in Resources */,
				037430C8167790E7006029AF /* Icon-Small.png in Resources */,
				037430D31677B23F006029AF /* Icon.png in Resources */,
			);
			runOnlyForDeploymentPostprocessing = 0;
		};
/* End PBXResourcesBuildPhase section */

/* Begin PBXRezBuildPhase section */
		8D5B49B5048680CD000E48DA /* Rez */ = {
			isa = PBXRezBuildPhase;
			buildActionMask = 2147483647;
			files = (
			);
			runOnlyForDeploymentPostprocessing = 0;
		};
/* End PBXRezBuildPhase section */

/* Begin PBXSourcesBuildPhase section */
		03E1FA0D15FF5A0000C59023 /* Sources */ = {
			isa = PBXSourcesBuildPhase;
			buildActionMask = 2147483647;
			files = (
				03E1FA2F15FF5D6200C59023 /* dianeXuPreferencesController.m in Sources */,
			);
			runOnlyForDeploymentPostprocessing = 0;
		};
		8D5B49B1048680CD000E48DA /* Sources */ = {
			isa = PBXSourcesBuildPhase;
			buildActionMask = 2147483647;
			files = (
				ABA48A670680BB690089EB4F /* dianeXuFilter.mm in Sources */,
				03FED016165A676F0070F92A /* dianeXuWindowController.mm in Sources */,
				03729C63165B4FDA00096AAA /* dianeXuStatusWindowController.m in Sources */,
				034813161664E6F700ABC18A /* dianeXuDataSet.m in Sources */,
				0348131A1664EC6C00ABC18A /* dianeXuNavxImport.m in Sources */,
				037430C21668B0E0006029AF /* dianeXuCoord.m in Sources */,
				03E540E216A04FC7002C4BDC /* dianeXuITKImageWrapper.mm in Sources */,
				034006B716A17973006F97F4 /* dianeXuITK3dRegionGrowing.mm in Sources */,
				03ED00F916A5360100FAE2F3 /* dianeXuITKPointSetRegistration.mm in Sources */,
			);
			runOnlyForDeploymentPostprocessing = 0;
		};
/* End PBXSourcesBuildPhase section */

/* Begin PBXTargetDependency section */
		03E1FA3415FF671D00C59023 /* PBXTargetDependency */ = {
			isa = PBXTargetDependency;
			target = 03E1FA1215FF5A0000C59023 /* dianeXuPreferences */;
			targetProxy = 03E1FA3315FF671D00C59023 /* PBXContainerItemProxy */;
		};
/* End PBXTargetDependency section */

/* Begin PBXVariantGroup section */
		089C167DFE841241C02AAC07 /* InfoPlist.strings */ = {
			isa = PBXVariantGroup;
			children = (
				089C167EFE841241C02AAC07 /* English */,
			);
			name = InfoPlist.strings;
			sourceTree = "<group>";
		};
/* End PBXVariantGroup section */

/* Begin XCBuildConfiguration section */
		03E1FA2D15FF5A0000C59023 /* Development */ = {
			isa = XCBuildConfiguration;
			buildSettings = {
				ALWAYS_SEARCH_USER_PATHS = NO;
				ARCHS = "$(ARCHS_STANDARD_32_64_BIT)";
				CLANG_CXX_LANGUAGE_STANDARD = "gnu++0x";
				CLANG_WARN__DUPLICATE_METHOD_MATCH = YES;
				COMBINE_HIDPI_IMAGES = YES;
				COPY_PHASE_STRIP = NO;
				FRAMEWORK_SEARCH_PATHS = (
					"$(inherited)",
					"\"$(SYSTEM_APPS_DIR)/Xcode.app/Contents/Developer/Library/Frameworks\"",
				);
				GCC_C_LANGUAGE_STANDARD = gnu99;
				GCC_DYNAMIC_NO_PIC = NO;
				GCC_ENABLE_OBJC_EXCEPTIONS = YES;
				GCC_ENABLE_OBJC_GC = supported;
				GCC_MODEL_TUNING = G5;
				GCC_OPTIMIZATION_LEVEL = 0;
				GCC_PRECOMPILE_PREFIX_HEADER = YES;
				GCC_PREFIX_HEADER = "$(SYSTEM_LIBRARY_DIR)/Frameworks/AppKit.framework/Headers/AppKit.h";
				GCC_PREPROCESSOR_DEFINITIONS = (
					"DEBUG=1",
					"$(inherited)",
				);
				GCC_SYMBOLS_PRIVATE_EXTERN = NO;
				GCC_WARN_64_TO_32_BIT_CONVERSION = YES;
				GCC_WARN_ABOUT_RETURN_TYPE = YES;
				GCC_WARN_UNINITIALIZED_AUTOS = YES;
				GCC_WARN_UNUSED_VARIABLE = YES;
				INFOPLIST_FILE = "dianeXuPreferences-Info.plist";
				INSTALL_PATH = "$(HOME)/Library/Bundles";
				MACOSX_DEPLOYMENT_TARGET = 10.7;
				ONLY_ACTIVE_ARCH = YES;
				OTHER_LDFLAGS = (
					"-framework",
					Foundation,
					"-framework",
					AppKit,
				);
				PREBINDING = NO;
				PRODUCT_NAME = "$(TARGET_NAME)";
				SDKROOT = macosx10.7;
				WRAPPER_EXTENSION = prefPane;
				ZERO_LINK = "";
			};
			name = Development;
		};
		03E1FA2E15FF5A0000C59023 /* Deployment */ = {
			isa = XCBuildConfiguration;
			buildSettings = {
				ALWAYS_SEARCH_USER_PATHS = NO;
				ARCHS = "$(ARCHS_STANDARD_32_64_BIT)";
				CLANG_CXX_LANGUAGE_STANDARD = "gnu++0x";
				CLANG_WARN__DUPLICATE_METHOD_MATCH = YES;
				COMBINE_HIDPI_IMAGES = YES;
				COPY_PHASE_STRIP = YES;
				DEBUG_INFORMATION_FORMAT = "dwarf-with-dsym";
				FRAMEWORK_SEARCH_PATHS = (
					"$(inherited)",
					"\"$(SYSTEM_APPS_DIR)/Xcode.app/Contents/Developer/Library/Frameworks\"",
				);
				GCC_C_LANGUAGE_STANDARD = gnu99;
				GCC_ENABLE_OBJC_EXCEPTIONS = YES;
				GCC_ENABLE_OBJC_GC = supported;
				GCC_MODEL_TUNING = G5;
				GCC_PRECOMPILE_PREFIX_HEADER = YES;
				GCC_PREFIX_HEADER = "$(SYSTEM_LIBRARY_DIR)/Frameworks/AppKit.framework/Headers/AppKit.h";
				GCC_WARN_64_TO_32_BIT_CONVERSION = YES;
				GCC_WARN_ABOUT_RETURN_TYPE = YES;
				GCC_WARN_UNINITIALIZED_AUTOS = YES;
				GCC_WARN_UNUSED_VARIABLE = YES;
				INFOPLIST_FILE = "dianeXuPreferences-Info.plist";
				INSTALL_PATH = "$(HOME)/Library/Bundles";
				MACOSX_DEPLOYMENT_TARGET = 10.7;
				OTHER_LDFLAGS = (
					"-framework",
					Foundation,
					"-framework",
					AppKit,
				);
				PREBINDING = NO;
				PRODUCT_NAME = "$(TARGET_NAME)";
				SDKROOT = macosx10.7;
				WRAPPER_EXTENSION = bundle;
				ZERO_LINK = NO;
			};
			name = Deployment;
		};
		CE6A9A9108AC841300D0C1EE /* Development */ = {
			isa = XCBuildConfiguration;
			buildSettings = {
				ARCHS = "$(ARCHS_STANDARD_32_BIT)";
				COPY_PHASE_STRIP = NO;
				DEBUGGING_SYMBOLS = YES;
				FRAMEWORK_SEARCH_PATHS = (
					"$(inherited)",
					"\"$(SRCROOT)\"",
				);
				GCC_DYNAMIC_NO_PIC = NO;
				GCC_ENABLE_FIX_AND_CONTINUE = YES;
				GCC_ENABLE_TRIGRAPHS = NO;
				GCC_GENERATE_DEBUGGING_SYMBOLS = YES;
				GCC_OPTIMIZATION_LEVEL = 0;
				GCC_PRECOMPILE_PREFIX_HEADER = YES;
				GCC_PREFIX_HEADER = dianeXu_Prefix.pch;
				GCC_WARN_FOUR_CHARACTER_CONSTANTS = NO;
				GCC_WARN_UNKNOWN_PRAGMAS = NO;
				HEADER_SEARCH_PATHS = "";
				INFOPLIST_FILE = Info.plist;
				INSTALL_PATH = "@executable_path/../Plug-ins";
				LIBRARY_SEARCH_PATHS = (
					Binaries/VTKLibs,
					ITK4/build/lib/Release,
					"\"$(SRCROOT)/../ITK421/build/lib/Release\"",
				);
				LIBRARY_STYLE = Bundle;
				MACOSX_DEPLOYMENT_TARGET = 10.7;
				OTHER_CFLAGS = "";
				OTHER_LDFLAGS = (
					"-undefined",
					dynamic_lookup,
				);
				OTHER_REZFLAGS = "";
				PRODUCT_NAME = dianeXu;
				SDKROOT = macosx10.7;
				SECTORDER_FLAGS = "";
				USER_HEADER_SEARCH_PATHS = "ITK4/Modules/Segmentation/** ITK4/Modules/Filtering/** ITK4/Modules/Registration/** ITK4/Modules/Core/** ITK4/Modules/Bridge/VTK/include ITK4/Modules/Numerics/Optimizers/include ITK4/build/Modules/ThirdParty/VNL/src/vxl/core ITK4/build/Modules/ThirdParty/VNL/src/vxl/vcl ITK4/build/Modules/ThirdParty/VNL/src/vxl ITK4/Modules/ThirdParty/VNL/src/vxl/core ITK4/Modules/ThirdParty/VNL/src/vxl/vcl ITK4/build/Modules/Core/Common ITK4/Modules/Core/Transform/include ITK4/Modules/Core/Common/include ITK4/Modules/Core/ImageFunction/include VTKHeaders";
				WARNING_CFLAGS = (
					"-Wmost",
					"-Wno-four-char-constants",
					"-Wno-unknown-pragmas",
				);
				WRAPPER_EXTENSION = osirixplugin;
				ZERO_LINK = NO;
			};
			name = Development;
		};
		CE6A9A9208AC841300D0C1EE /* Deployment */ = {
			isa = XCBuildConfiguration;
			buildSettings = {
				ARCHS = "$(ARCHS_STANDARD_32_BIT)";
				COPY_PHASE_STRIP = YES;
				FRAMEWORK_SEARCH_PATHS = (
					"$(inherited)",
					"\"$(SRCROOT)\"",
				);
				GCC_ENABLE_FIX_AND_CONTINUE = NO;
				GCC_ENABLE_TRIGRAPHS = NO;
				GCC_PRECOMPILE_PREFIX_HEADER = YES;
				GCC_PREFIX_HEADER = dianeXu_Prefix.pch;
				GCC_WARN_FOUR_CHARACTER_CONSTANTS = NO;
				GCC_WARN_UNKNOWN_PRAGMAS = NO;
				HEADER_SEARCH_PATHS = "";
				INFOPLIST_FILE = Info.plist;
				INSTALL_PATH = "@executable_path/../Plug-ins";
				LIBRARY_SEARCH_PATHS = (
					Binaries/VTKLibs,
					ITK4/build/lib/Release,
					"\"$(SRCROOT)/../ITK421/build/lib/Release\"",
				);
				LIBRARY_STYLE = Bundle;
				MACOSX_DEPLOYMENT_TARGET = 10.7;
				OTHER_CFLAGS = "";
				OTHER_LDFLAGS = (
					"-undefined",
					dynamic_lookup,
				);
				OTHER_REZFLAGS = "";
				PRODUCT_NAME = dianeXu;
				SDKROOT = macosx10.7;
				SECTORDER_FLAGS = "";
				USER_HEADER_SEARCH_PATHS = "ITK4/Modules/Segmentation/** ITK4/Modules/Filtering/** ITK4/Modules/Registration/** ITK4/Modules/Core/** ITK4/Modules/Bridge/VTK/include ITK4/Modules/Numerics/Optimizers/include ITK4/build/Modules/ThirdParty/VNL/src/vxl/core ITK4/build/Modules/ThirdParty/VNL/src/vxl/vcl ITK4/build/Modules/ThirdParty/VNL/src/vxl ITK4/Modules/ThirdParty/VNL/src/vxl/core ITK4/Modules/ThirdParty/VNL/src/vxl/vcl ITK4/build/Modules/Core/Common ITK4/Modules/Core/Transform/include ITK4/Modules/Core/Common/include ITK4/Modules/Core/ImageFunction/include VTKHeaders";
				WARNING_CFLAGS = (
					"-Wmost",
					"-Wno-four-char-constants",
					"-Wno-unknown-pragmas",
				);
				WRAPPER_EXTENSION = osirixplugin;
				ZERO_LINK = NO;
			};
			name = Deployment;
		};
		CE6A9A9508AC841300D0C1EE /* Development */ = {
			isa = XCBuildConfiguration;
			buildSettings = {
				ARCHS = (
					i386,
					x86_64,
				);
				MACOSX_DEPLOYMENT_TARGET = 10.7;
				SDKROOT = macosx10.5;
			};
			name = Development;
		};
		CE6A9A9608AC841300D0C1EE /* Deployment */ = {
			isa = XCBuildConfiguration;
			buildSettings = {
				ARCHS = (
					x86_64,
					i386,
				);
				MACOSX_DEPLOYMENT_TARGET = 10.7;
				SDKROOT = macosx10.5;
			};
			name = Deployment;
		};
/* End XCBuildConfiguration section */

/* Begin XCConfigurationList section */
		03E1FA2C15FF5A0000C59023 /* Build configuration list for PBXNativeTarget "dianeXuPreferences" */ = {
			isa = XCConfigurationList;
			buildConfigurations = (
				03E1FA2D15FF5A0000C59023 /* Development */,
				03E1FA2E15FF5A0000C59023 /* Deployment */,
			);
			defaultConfigurationIsVisible = 0;
			defaultConfigurationName = Development;
		};
		CE6A9A9008AC841300D0C1EE /* Build configuration list for PBXNativeTarget "dianeXu" */ = {
			isa = XCConfigurationList;
			buildConfigurations = (
				CE6A9A9108AC841300D0C1EE /* Development */,
				CE6A9A9208AC841300D0C1EE /* Deployment */,
			);
			defaultConfigurationIsVisible = 0;
			defaultConfigurationName = Development;
		};
		CE6A9A9408AC841300D0C1EE /* Build configuration list for PBXProject "dianeXu" */ = {
			isa = XCConfigurationList;
			buildConfigurations = (
				CE6A9A9508AC841300D0C1EE /* Development */,
				CE6A9A9608AC841300D0C1EE /* Deployment */,
			);
			defaultConfigurationIsVisible = 0;
			defaultConfigurationName = Development;
		};
/* End XCConfigurationList section */
	};
	rootObject = 089C1669FE841209C02AAC07 /* Project object */;
}
